// !$*UTF8*$!
{
	archiveVersion = 1;
	classes = {
	};
	objectVersion = 56;
	objects = {

/* Begin PBXBuildFile section */
		226A37FA2DDA4211005BC1D6 /* Alamofire in Frameworks */ = {isa = PBXBuildFile; productRef = 226A37F92DDA4211005BC1D6 /* Alamofire */; };
		226A37FC2DDA4211005BC1D6 /* AlamofireDynamic in Frameworks */ = {isa = PBXBuildFile; productRef = 226A37FB2DDA4211005BC1D6 /* AlamofireDynamic */; };
		226A37FF2DDA4263005BC1D6 /* SDWebImage in Frameworks */ = {isa = PBXBuildFile; productRef = 226A37FE2DDA4263005BC1D6 /* SDWebImage */; };
		226A38022DDA4609005BC1D6 /* Fixture.swift in Sources */ = {isa = PBXBuildFile; fileRef = 226A38012DDA4609005BC1D6 /* Fixture.swift */; };
		226A38042DDA4AB4005BC1D6 /* League.swift in Sources */ = {isa = PBXBuildFile; fileRef = 226A38032DDA4AB4005BC1D6 /* League.swift */; };
		226A38062DDA50D9005BC1D6 /* Team.swift in Sources */ = {isa = PBXBuildFile; fileRef = 226A38052DDA50D9005BC1D6 /* Team.swift */; };
		226A38082DDA5B4C005BC1D6 /* Player.swift in Sources */ = {isa = PBXBuildFile; fileRef = 226A38072DDA5B4C005BC1D6 /* Player.swift */; };
		226A82912DDA82B500BFD8A7 /* NetworkService.swift in Sources */ = {isa = PBXBuildFile; fileRef = 226A82902DDA82B500BFD8A7 /* NetworkService.swift */; };
		226A82932DDA86E500BFD8A7 /* SportsEnums.swift in Sources */ = {isa = PBXBuildFile; fileRef = 226A82922DDA86E500BFD8A7 /* SportsEnums.swift */; };
		226A82952DDA98B600BFD8A7 /* SportFactory.swift in Sources */ = {isa = PBXBuildFile; fileRef = 226A82942DDA98B600BFD8A7 /* SportFactory.swift */; };
		226A82972DDA9F9B00BFD8A7 /* TennisFactory.swift in Sources */ = {isa = PBXBuildFile; fileRef = 226A82962DDA9F9B00BFD8A7 /* TennisFactory.swift */; };
		228124382DDB6172005A16CF /* CricketFactory.swift in Sources */ = {isa = PBXBuildFile; fileRef = 228124372DDB6172005A16CF /* CricketFactory.swift */; };
		2281243A2DDB6317005A16CF /* Presenter.swift in Sources */ = {isa = PBXBuildFile; fileRef = 228124392DDB6317005A16CF /* Presenter.swift */; };
		2281243C2DDB6FA6005A16CF /* .gitignore in Resources */ = {isa = PBXBuildFile; fileRef = 2281243B2DDB6FA6005A16CF /* .gitignore */; };
		228B43892DD60098006C9EB1 /* AppDelegate.swift in Sources */ = {isa = PBXBuildFile; fileRef = 228B43882DD60098006C9EB1 /* AppDelegate.swift */; };
		228B438B2DD60098006C9EB1 /* SceneDelegate.swift in Sources */ = {isa = PBXBuildFile; fileRef = 228B438A2DD60098006C9EB1 /* SceneDelegate.swift */; };
		228B438D2DD60098006C9EB1 /* ViewController.swift in Sources */ = {isa = PBXBuildFile; fileRef = 228B438C2DD60098006C9EB1 /* ViewController.swift */; };
		228B43902DD60098006C9EB1 /* Main.storyboard in Resources */ = {isa = PBXBuildFile; fileRef = 228B438E2DD60098006C9EB1 /* Main.storyboard */; };
		228B43932DD60098006C9EB1 /* SportsApp.xcdatamodeld in Sources */ = {isa = PBXBuildFile; fileRef = 228B43912DD60098006C9EB1 /* SportsApp.xcdatamodeld */; };
		228B43952DD6009A006C9EB1 /* Assets.xcassets in Resources */ = {isa = PBXBuildFile; fileRef = 228B43942DD6009A006C9EB1 /* Assets.xcassets */; };
		228B43982DD6009A006C9EB1 /* LaunchScreen.storyboard in Resources */ = {isa = PBXBuildFile; fileRef = 228B43962DD6009A006C9EB1 /* LaunchScreen.storyboard */; };
		228B43A32DD6009B006C9EB1 /* SportsAppTests.swift in Sources */ = {isa = PBXBuildFile; fileRef = 228B43A22DD6009B006C9EB1 /* SportsAppTests.swift */; };
		228B43AD2DD6009B006C9EB1 /* SportsAppUITests.swift in Sources */ = {isa = PBXBuildFile; fileRef = 228B43AC2DD6009B006C9EB1 /* SportsAppUITests.swift */; };
		228B43AF2DD6009B006C9EB1 /* SportsAppUITestsLaunchTests.swift in Sources */ = {isa = PBXBuildFile; fileRef = 228B43AE2DD6009B006C9EB1 /* SportsAppUITestsLaunchTests.swift */; };
		22A65D8F2DDAA566007E2016 /* FootballFactory.swift in Sources */ = {isa = PBXBuildFile; fileRef = 22A65D8E2DDAA566007E2016 /* FootballFactory.swift */; };
		22A65D912DDAADCB007E2016 /* BasketballFactory.swift in Sources */ = {isa = PBXBuildFile; fileRef = 22A65D902DDAADCB007E2016 /* BasketballFactory.swift */; };
/* End PBXBuildFile section */

/* Begin PBXContainerItemProxy section */
		228B439F2DD6009B006C9EB1 /* PBXContainerItemProxy */ = {
			isa = PBXContainerItemProxy;
			containerPortal = 228B437D2DD60098006C9EB1 /* Project object */;
			proxyType = 1;
			remoteGlobalIDString = 228B43842DD60098006C9EB1;
			remoteInfo = SportsApp;
		};
		228B43A92DD6009B006C9EB1 /* PBXContainerItemProxy */ = {
			isa = PBXContainerItemProxy;
			containerPortal = 228B437D2DD60098006C9EB1 /* Project object */;
			proxyType = 1;
			remoteGlobalIDString = 228B43842DD60098006C9EB1;
			remoteInfo = SportsApp;
		};
/* End PBXContainerItemProxy section */

/* Begin PBXFileReference section */
		226A38012DDA4609005BC1D6 /* Fixture.swift */ = {isa = PBXFileReference; lastKnownFileType = sourcecode.swift; path = Fixture.swift; sourceTree = "<group>"; };
		226A38032DDA4AB4005BC1D6 /* League.swift */ = {isa = PBXFileReference; lastKnownFileType = sourcecode.swift; path = League.swift; sourceTree = "<group>"; };
		226A38052DDA50D9005BC1D6 /* Team.swift */ = {isa = PBXFileReference; lastKnownFileType = sourcecode.swift; path = Team.swift; sourceTree = "<group>"; };
		226A38072DDA5B4C005BC1D6 /* Player.swift */ = {isa = PBXFileReference; lastKnownFileType = sourcecode.swift; path = Player.swift; sourceTree = "<group>"; };
		226A82902DDA82B500BFD8A7 /* NetworkService.swift */ = {isa = PBXFileReference; lastKnownFileType = sourcecode.swift; path = NetworkService.swift; sourceTree = "<group>"; };
		226A82922DDA86E500BFD8A7 /* SportsEnums.swift */ = {isa = PBXFileReference; lastKnownFileType = sourcecode.swift; path = SportsEnums.swift; sourceTree = "<group>"; };
		226A82942DDA98B600BFD8A7 /* SportFactory.swift */ = {isa = PBXFileReference; lastKnownFileType = sourcecode.swift; path = SportFactory.swift; sourceTree = "<group>"; };
		226A82962DDA9F9B00BFD8A7 /* TennisFactory.swift */ = {isa = PBXFileReference; lastKnownFileType = sourcecode.swift; path = TennisFactory.swift; sourceTree = "<group>"; };
		228124372DDB6172005A16CF /* CricketFactory.swift */ = {isa = PBXFileReference; lastKnownFileType = sourcecode.swift; path = CricketFactory.swift; sourceTree = "<group>"; };
		228124392DDB6317005A16CF /* Presenter.swift */ = {isa = PBXFileReference; lastKnownFileType = sourcecode.swift; path = Presenter.swift; sourceTree = "<group>"; };
		2281243B2DDB6FA6005A16CF /* .gitignore */ = {isa = PBXFileReference; lastKnownFileType = text; path = .gitignore; sourceTree = "<group>"; };
		228B43852DD60098006C9EB1 /* SportsApp.app */ = {isa = PBXFileReference; explicitFileType = wrapper.application; includeInIndex = 0; path = SportsApp.app; sourceTree = BUILT_PRODUCTS_DIR; };
		228B43882DD60098006C9EB1 /* AppDelegate.swift */ = {isa = PBXFileReference; lastKnownFileType = sourcecode.swift; path = AppDelegate.swift; sourceTree = "<group>"; };
		228B438A2DD60098006C9EB1 /* SceneDelegate.swift */ = {isa = PBXFileReference; lastKnownFileType = sourcecode.swift; path = SceneDelegate.swift; sourceTree = "<group>"; };
		228B438C2DD60098006C9EB1 /* ViewController.swift */ = {isa = PBXFileReference; lastKnownFileType = sourcecode.swift; path = ViewController.swift; sourceTree = "<group>"; };
		228B438F2DD60098006C9EB1 /* Base */ = {isa = PBXFileReference; lastKnownFileType = file.storyboard; name = Base; path = Base.lproj/Main.storyboard; sourceTree = "<group>"; };
		228B43922DD60098006C9EB1 /* SportsApp.xcdatamodel */ = {isa = PBXFileReference; lastKnownFileType = wrapper.xcdatamodel; path = SportsApp.xcdatamodel; sourceTree = "<group>"; };
		228B43942DD6009A006C9EB1 /* Assets.xcassets */ = {isa = PBXFileReference; lastKnownFileType = folder.assetcatalog; path = Assets.xcassets; sourceTree = "<group>"; };
		228B43972DD6009A006C9EB1 /* Base */ = {isa = PBXFileReference; lastKnownFileType = file.storyboard; name = Base; path = Base.lproj/LaunchScreen.storyboard; sourceTree = "<group>"; };
		228B43992DD6009A006C9EB1 /* Info.plist */ = {isa = PBXFileReference; lastKnownFileType = text.plist.xml; path = Info.plist; sourceTree = "<group>"; };
		228B439E2DD6009B006C9EB1 /* SportsAppTests.xctest */ = {isa = PBXFileReference; explicitFileType = wrapper.cfbundle; includeInIndex = 0; path = SportsAppTests.xctest; sourceTree = BUILT_PRODUCTS_DIR; };
		228B43A22DD6009B006C9EB1 /* SportsAppTests.swift */ = {isa = PBXFileReference; lastKnownFileType = sourcecode.swift; path = SportsAppTests.swift; sourceTree = "<group>"; };
		228B43A82DD6009B006C9EB1 /* SportsAppUITests.xctest */ = {isa = PBXFileReference; explicitFileType = wrapper.cfbundle; includeInIndex = 0; path = SportsAppUITests.xctest; sourceTree = BUILT_PRODUCTS_DIR; };
		228B43AC2DD6009B006C9EB1 /* SportsAppUITests.swift */ = {isa = PBXFileReference; lastKnownFileType = sourcecode.swift; path = SportsAppUITests.swift; sourceTree = "<group>"; };
		228B43AE2DD6009B006C9EB1 /* SportsAppUITestsLaunchTests.swift */ = {isa = PBXFileReference; lastKnownFileType = sourcecode.swift; path = SportsAppUITestsLaunchTests.swift; sourceTree = "<group>"; };
		22A65D8E2DDAA566007E2016 /* FootballFactory.swift */ = {isa = PBXFileReference; lastKnownFileType = sourcecode.swift; path = FootballFactory.swift; sourceTree = "<group>"; };
		22A65D902DDAADCB007E2016 /* BasketballFactory.swift */ = {isa = PBXFileReference; lastKnownFileType = sourcecode.swift; path = BasketballFactory.swift; sourceTree = "<group>"; };
/* End PBXFileReference section */

/* Begin PBXFrameworksBuildPhase section */
		228B43822DD60098006C9EB1 /* Frameworks */ = {
			isa = PBXFrameworksBuildPhase;
			buildActionMask = 2147483647;
			files = (
				226A37FF2DDA4263005BC1D6 /* SDWebImage in Frameworks */,
				226A37FA2DDA4211005BC1D6 /* Alamofire in Frameworks */,
				226A37FC2DDA4211005BC1D6 /* AlamofireDynamic in Frameworks */,
			);
			runOnlyForDeploymentPostprocessing = 0;
		};
		228B439B2DD6009B006C9EB1 /* Frameworks */ = {
			isa = PBXFrameworksBuildPhase;
			buildActionMask = 2147483647;
			files = (
			);
			runOnlyForDeploymentPostprocessing = 0;
		};
		228B43A52DD6009B006C9EB1 /* Frameworks */ = {
			isa = PBXFrameworksBuildPhase;
			buildActionMask = 2147483647;
			files = (
			);
			runOnlyForDeploymentPostprocessing = 0;
		};
/* End PBXFrameworksBuildPhase section */

/* Begin PBXGroup section */
		226A38002DDA45A0005BC1D6 /* Models */ = {
			isa = PBXGroup;
			children = (
				226A38012DDA4609005BC1D6 /* Fixture.swift */,
				226A38032DDA4AB4005BC1D6 /* League.swift */,
				226A38052DDA50D9005BC1D6 /* Team.swift */,
				226A38072DDA5B4C005BC1D6 /* Player.swift */,
			);
			path = Models;
			sourceTree = "<group>";
		};
		228B437C2DD60098006C9EB1 = {
			isa = PBXGroup;
			children = (
				2281243B2DDB6FA6005A16CF /* .gitignore */,
				228B43872DD60098006C9EB1 /* SportsApp */,
				228B43A12DD6009B006C9EB1 /* SportsAppTests */,
				228B43AB2DD6009B006C9EB1 /* SportsAppUITests */,
				228B43862DD60098006C9EB1 /* Products */,
			);
			sourceTree = "<group>";
		};
		228B43862DD60098006C9EB1 /* Products */ = {
			isa = PBXGroup;
			children = (
				228B43852DD60098006C9EB1 /* SportsApp.app */,
				228B439E2DD6009B006C9EB1 /* SportsAppTests.xctest */,
				228B43A82DD6009B006C9EB1 /* SportsAppUITests.xctest */,
			);
			name = Products;
			sourceTree = "<group>";
		};
		228B43872DD60098006C9EB1 /* SportsApp */ = {
			isa = PBXGroup;
			children = (
				228124392DDB6317005A16CF /* Presenter.swift */,
				226A38002DDA45A0005BC1D6 /* Models */,
				228B43882DD60098006C9EB1 /* AppDelegate.swift */,
				228B438A2DD60098006C9EB1 /* SceneDelegate.swift */,
				228B438C2DD60098006C9EB1 /* ViewController.swift */,
				228B438E2DD60098006C9EB1 /* Main.storyboard */,
				228B43942DD6009A006C9EB1 /* Assets.xcassets */,
				228B43962DD6009A006C9EB1 /* LaunchScreen.storyboard */,
				228B43992DD6009A006C9EB1 /* Info.plist */,
				228B43912DD60098006C9EB1 /* SportsApp.xcdatamodeld */,
				226A82902DDA82B500BFD8A7 /* NetworkService.swift */,
				226A82922DDA86E500BFD8A7 /* SportsEnums.swift */,
				226A82942DDA98B600BFD8A7 /* SportFactory.swift */,
				226A82962DDA9F9B00BFD8A7 /* TennisFactory.swift */,
				22A65D8E2DDAA566007E2016 /* FootballFactory.swift */,
				22A65D902DDAADCB007E2016 /* BasketballFactory.swift */,
				228124372DDB6172005A16CF /* CricketFactory.swift */,
			);
			path = SportsApp;
			sourceTree = "<group>";
		};
		228B43A12DD6009B006C9EB1 /* SportsAppTests */ = {
			isa = PBXGroup;
			children = (
				228B43A22DD6009B006C9EB1 /* SportsAppTests.swift */,
			);
			path = SportsAppTests;
			sourceTree = "<group>";
		};
		228B43AB2DD6009B006C9EB1 /* SportsAppUITests */ = {
			isa = PBXGroup;
			children = (
				228B43AC2DD6009B006C9EB1 /* SportsAppUITests.swift */,
				228B43AE2DD6009B006C9EB1 /* SportsAppUITestsLaunchTests.swift */,
			);
			path = SportsAppUITests;
			sourceTree = "<group>";
		};
/* End PBXGroup section */

/* Begin PBXNativeTarget section */
		228B43842DD60098006C9EB1 /* SportsApp */ = {
			isa = PBXNativeTarget;
			buildConfigurationList = 228B43B22DD6009B006C9EB1 /* Build configuration list for PBXNativeTarget "SportsApp" */;
			buildPhases = (
				228B43812DD60098006C9EB1 /* Sources */,
				228B43822DD60098006C9EB1 /* Frameworks */,
				228B43832DD60098006C9EB1 /* Resources */,
			);
			buildRules = (
			);
			dependencies = (
			);
			name = SportsApp;
			packageProductDependencies = (
				226A37F92DDA4211005BC1D6 /* Alamofire */,
				226A37FB2DDA4211005BC1D6 /* AlamofireDynamic */,
				226A37FE2DDA4263005BC1D6 /* SDWebImage */,
			);
			productName = SportsApp;
			productReference = 228B43852DD60098006C9EB1 /* SportsApp.app */;
			productType = "com.apple.product-type.application";
		};
		228B439D2DD6009B006C9EB1 /* SportsAppTests */ = {
			isa = PBXNativeTarget;
			buildConfigurationList = 228B43B52DD6009B006C9EB1 /* Build configuration list for PBXNativeTarget "SportsAppTests" */;
			buildPhases = (
				228B439A2DD6009B006C9EB1 /* Sources */,
				228B439B2DD6009B006C9EB1 /* Frameworks */,
				228B439C2DD6009B006C9EB1 /* Resources */,
			);
			buildRules = (
			);
			dependencies = (
				228B43A02DD6009B006C9EB1 /* PBXTargetDependency */,
			);
			name = SportsAppTests;
			productName = SportsAppTests;
			productReference = 228B439E2DD6009B006C9EB1 /* SportsAppTests.xctest */;
			productType = "com.apple.product-type.bundle.unit-test";
		};
		228B43A72DD6009B006C9EB1 /* SportsAppUITests */ = {
			isa = PBXNativeTarget;
			buildConfigurationList = 228B43B82DD6009B006C9EB1 /* Build configuration list for PBXNativeTarget "SportsAppUITests" */;
			buildPhases = (
				228B43A42DD6009B006C9EB1 /* Sources */,
				228B43A52DD6009B006C9EB1 /* Frameworks */,
				228B43A62DD6009B006C9EB1 /* Resources */,
			);
			buildRules = (
			);
			dependencies = (
				228B43AA2DD6009B006C9EB1 /* PBXTargetDependency */,
			);
			name = SportsAppUITests;
			productName = SportsAppUITests;
			productReference = 228B43A82DD6009B006C9EB1 /* SportsAppUITests.xctest */;
			productType = "com.apple.product-type.bundle.ui-testing";
		};
/* End PBXNativeTarget section */

/* Begin PBXProject section */
		228B437D2DD60098006C9EB1 /* Project object */ = {
			isa = PBXProject;
			attributes = {
				BuildIndependentTargetsInParallel = 1;
				LastSwiftUpdateCheck = 1500;
				LastUpgradeCheck = 1500;
				TargetAttributes = {
					228B43842DD60098006C9EB1 = {
						CreatedOnToolsVersion = 15.0;
					};
					228B439D2DD6009B006C9EB1 = {
						CreatedOnToolsVersion = 15.0;
						TestTargetID = 228B43842DD60098006C9EB1;
					};
					228B43A72DD6009B006C9EB1 = {
						CreatedOnToolsVersion = 15.0;
						TestTargetID = 228B43842DD60098006C9EB1;
					};
				};
			};
			buildConfigurationList = 228B43802DD60098006C9EB1 /* Build configuration list for PBXProject "SportsApp" */;
			compatibilityVersion = "Xcode 14.0";
			developmentRegion = en;
			hasScannedForEncodings = 0;
			knownRegions = (
				en,
				Base,
			);
			mainGroup = 228B437C2DD60098006C9EB1;
			packageReferences = (
				226A37F82DDA4211005BC1D6 /* XCRemoteSwiftPackageReference "Alamofire" */,
				226A37FD2DDA4263005BC1D6 /* XCRemoteSwiftPackageReference "SDWebImage" */,
			);
			productRefGroup = 228B43862DD60098006C9EB1 /* Products */;
			projectDirPath = "";
			projectRoot = "";
			targets = (
				228B43842DD60098006C9EB1 /* SportsApp */,
				228B439D2DD6009B006C9EB1 /* SportsAppTests */,
				228B43A72DD6009B006C9EB1 /* SportsAppUITests */,
			);
		};
/* End PBXProject section */

/* Begin PBXResourcesBuildPhase section */
		228B43832DD60098006C9EB1 /* Resources */ = {
			isa = PBXResourcesBuildPhase;
			buildActionMask = 2147483647;
			files = (
				2281243C2DDB6FA6005A16CF /* .gitignore in Resources */,
				228B43982DD6009A006C9EB1 /* LaunchScreen.storyboard in Resources */,
				228B43952DD6009A006C9EB1 /* Assets.xcassets in Resources */,
				228B43902DD60098006C9EB1 /* Main.storyboard in Resources */,
			);
			runOnlyForDeploymentPostprocessing = 0;
		};
		228B439C2DD6009B006C9EB1 /* Resources */ = {
			isa = PBXResourcesBuildPhase;
			buildActionMask = 2147483647;
			files = (
			);
			runOnlyForDeploymentPostprocessing = 0;
		};
		228B43A62DD6009B006C9EB1 /* Resources */ = {
			isa = PBXResourcesBuildPhase;
			buildActionMask = 2147483647;
			files = (
			);
			runOnlyForDeploymentPostprocessing = 0;
		};
/* End PBXResourcesBuildPhase section */

/* Begin PBXSourcesBuildPhase section */
		228B43812DD60098006C9EB1 /* Sources */ = {
			isa = PBXSourcesBuildPhase;
			buildActionMask = 2147483647;
			files = (
				228B438D2DD60098006C9EB1 /* ViewController.swift in Sources */,
				226A82952DDA98B600BFD8A7 /* SportFactory.swift in Sources */,
				226A82912DDA82B500BFD8A7 /* NetworkService.swift in Sources */,
				2281243A2DDB6317005A16CF /* Presenter.swift in Sources */,
				22A65D8F2DDAA566007E2016 /* FootballFactory.swift in Sources */,
				228B43892DD60098006C9EB1 /* AppDelegate.swift in Sources */,
				226A38062DDA50D9005BC1D6 /* Team.swift in Sources */,
				228B43932DD60098006C9EB1 /* SportsApp.xcdatamodeld in Sources */,
				228124382DDB6172005A16CF /* CricketFactory.swift in Sources */,
				226A82932DDA86E500BFD8A7 /* SportsEnums.swift in Sources */,
				226A38082DDA5B4C005BC1D6 /* Player.swift in Sources */,
				22A65D912DDAADCB007E2016 /* BasketballFactory.swift in Sources */,
				226A38022DDA4609005BC1D6 /* Fixture.swift in Sources */,
				226A38042DDA4AB4005BC1D6 /* League.swift in Sources */,
				228B438B2DD60098006C9EB1 /* SceneDelegate.swift in Sources */,
				226A82972DDA9F9B00BFD8A7 /* TennisFactory.swift in Sources */,
			);
			runOnlyForDeploymentPostprocessing = 0;
		};
		228B439A2DD6009B006C9EB1 /* Sources */ = {
			isa = PBXSourcesBuildPhase;
			buildActionMask = 2147483647;
			files = (
				228B43A32DD6009B006C9EB1 /* SportsAppTests.swift in Sources */,
			);
			runOnlyForDeploymentPostprocessing = 0;
		};
		228B43A42DD6009B006C9EB1 /* Sources */ = {
			isa = PBXSourcesBuildPhase;
			buildActionMask = 2147483647;
			files = (
				228B43AD2DD6009B006C9EB1 /* SportsAppUITests.swift in Sources */,
				228B43AF2DD6009B006C9EB1 /* SportsAppUITestsLaunchTests.swift in Sources */,
			);
			runOnlyForDeploymentPostprocessing = 0;
		};
/* End PBXSourcesBuildPhase section */

/* Begin PBXTargetDependency section */
		228B43A02DD6009B006C9EB1 /* PBXTargetDependency */ = {
			isa = PBXTargetDependency;
			target = 228B43842DD60098006C9EB1 /* SportsApp */;
			targetProxy = 228B439F2DD6009B006C9EB1 /* PBXContainerItemProxy */;
		};
		228B43AA2DD6009B006C9EB1 /* PBXTargetDependency */ = {
			isa = PBXTargetDependency;
			target = 228B43842DD60098006C9EB1 /* SportsApp */;
			targetProxy = 228B43A92DD6009B006C9EB1 /* PBXContainerItemProxy */;
		};
/* End PBXTargetDependency section */

/* Begin PBXVariantGroup section */
		228B438E2DD60098006C9EB1 /* Main.storyboard */ = {
			isa = PBXVariantGroup;
			children = (
				228B438F2DD60098006C9EB1 /* Base */,
			);
			name = Main.storyboard;
			sourceTree = "<group>";
		};
		228B43962DD6009A006C9EB1 /* LaunchScreen.storyboard */ = {
			isa = PBXVariantGroup;
			children = (
				228B43972DD6009A006C9EB1 /* Base */,
			);
			name = LaunchScreen.storyboard;
			sourceTree = "<group>";
		};
/* End PBXVariantGroup section */

/* Begin XCBuildConfiguration section */
		228B43B02DD6009B006C9EB1 /* Debug */ = {
			isa = XCBuildConfiguration;
			buildSettings = {
				ALWAYS_SEARCH_USER_PATHS = NO;
				ASSETCATALOG_COMPILER_GENERATE_SWIFT_ASSET_SYMBOL_EXTENSIONS = YES;
				CLANG_ANALYZER_NONNULL = YES;
				CLANG_ANALYZER_NUMBER_OBJECT_CONVERSION = YES_AGGRESSIVE;
				CLANG_CXX_LANGUAGE_STANDARD = "gnu++20";
				CLANG_ENABLE_MODULES = YES;
				CLANG_ENABLE_OBJC_ARC = YES;
				CLANG_ENABLE_OBJC_WEAK = YES;
				CLANG_WARN_BLOCK_CAPTURE_AUTORELEASING = YES;
				CLANG_WARN_BOOL_CONVERSION = YES;
				CLANG_WARN_COMMA = YES;
				CLANG_WARN_CONSTANT_CONVERSION = YES;
				CLANG_WARN_DEPRECATED_OBJC_IMPLEMENTATIONS = YES;
				CLANG_WARN_DIRECT_OBJC_ISA_USAGE = YES_ERROR;
				CLANG_WARN_DOCUMENTATION_COMMENTS = YES;
				CLANG_WARN_EMPTY_BODY = YES;
				CLANG_WARN_ENUM_CONVERSION = YES;
				CLANG_WARN_INFINITE_RECURSION = YES;
				CLANG_WARN_INT_CONVERSION = YES;
				CLANG_WARN_NON_LITERAL_NULL_CONVERSION = YES;
				CLANG_WARN_OBJC_IMPLICIT_RETAIN_SELF = YES;
				CLANG_WARN_OBJC_LITERAL_CONVERSION = YES;
				CLANG_WARN_OBJC_ROOT_CLASS = YES_ERROR;
				CLANG_WARN_QUOTED_INCLUDE_IN_FRAMEWORK_HEADER = YES;
				CLANG_WARN_RANGE_LOOP_ANALYSIS = YES;
				CLANG_WARN_STRICT_PROTOTYPES = YES;
				CLANG_WARN_SUSPICIOUS_MOVE = YES;
				CLANG_WARN_UNGUARDED_AVAILABILITY = YES_AGGRESSIVE;
				CLANG_WARN_UNREACHABLE_CODE = YES;
				CLANG_WARN__DUPLICATE_METHOD_MATCH = YES;
				COPY_PHASE_STRIP = NO;
				DEBUG_INFORMATION_FORMAT = dwarf;
				ENABLE_STRICT_OBJC_MSGSEND = YES;
				ENABLE_TESTABILITY = YES;
				ENABLE_USER_SCRIPT_SANDBOXING = YES;
				GCC_C_LANGUAGE_STANDARD = gnu17;
				GCC_DYNAMIC_NO_PIC = NO;
				GCC_NO_COMMON_BLOCKS = YES;
				GCC_OPTIMIZATION_LEVEL = 0;
				GCC_PREPROCESSOR_DEFINITIONS = (
					"DEBUG=1",
					"$(inherited)",
				);
				GCC_WARN_64_TO_32_BIT_CONVERSION = YES;
				GCC_WARN_ABOUT_RETURN_TYPE = YES_ERROR;
				GCC_WARN_UNDECLARED_SELECTOR = YES;
				GCC_WARN_UNINITIALIZED_AUTOS = YES_AGGRESSIVE;
				GCC_WARN_UNUSED_FUNCTION = YES;
				GCC_WARN_UNUSED_VARIABLE = YES;
				IPHONEOS_DEPLOYMENT_TARGET = 17.0;
				LOCALIZATION_PREFERS_STRING_CATALOGS = YES;
				MTL_ENABLE_DEBUG_INFO = INCLUDE_SOURCE;
				MTL_FAST_MATH = YES;
				ONLY_ACTIVE_ARCH = YES;
				SDKROOT = iphoneos;
				SWIFT_ACTIVE_COMPILATION_CONDITIONS = "DEBUG $(inherited)";
				SWIFT_OPTIMIZATION_LEVEL = "-Onone";
			};
			name = Debug;
		};
		228B43B12DD6009B006C9EB1 /* Release */ = {
			isa = XCBuildConfiguration;
			buildSettings = {
				ALWAYS_SEARCH_USER_PATHS = NO;
				ASSETCATALOG_COMPILER_GENERATE_SWIFT_ASSET_SYMBOL_EXTENSIONS = YES;
				CLANG_ANALYZER_NONNULL = YES;
				CLANG_ANALYZER_NUMBER_OBJECT_CONVERSION = YES_AGGRESSIVE;
				CLANG_CXX_LANGUAGE_STANDARD = "gnu++20";
				CLANG_ENABLE_MODULES = YES;
				CLANG_ENABLE_OBJC_ARC = YES;
				CLANG_ENABLE_OBJC_WEAK = YES;
				CLANG_WARN_BLOCK_CAPTURE_AUTORELEASING = YES;
				CLANG_WARN_BOOL_CONVERSION = YES;
				CLANG_WARN_COMMA = YES;
				CLANG_WARN_CONSTANT_CONVERSION = YES;
				CLANG_WARN_DEPRECATED_OBJC_IMPLEMENTATIONS = YES;
				CLANG_WARN_DIRECT_OBJC_ISA_USAGE = YES_ERROR;
				CLANG_WARN_DOCUMENTATION_COMMENTS = YES;
				CLANG_WARN_EMPTY_BODY = YES;
				CLANG_WARN_ENUM_CONVERSION = YES;
				CLANG_WARN_INFINITE_RECURSION = YES;
				CLANG_WARN_INT_CONVERSION = YES;
				CLANG_WARN_NON_LITERAL_NULL_CONVERSION = YES;
				CLANG_WARN_OBJC_IMPLICIT_RETAIN_SELF = YES;
				CLANG_WARN_OBJC_LITERAL_CONVERSION = YES;
				CLANG_WARN_OBJC_ROOT_CLASS = YES_ERROR;
				CLANG_WARN_QUOTED_INCLUDE_IN_FRAMEWORK_HEADER = YES;
				CLANG_WARN_RANGE_LOOP_ANALYSIS = YES;
				CLANG_WARN_STRICT_PROTOTYPES = YES;
				CLANG_WARN_SUSPICIOUS_MOVE = YES;
				CLANG_WARN_UNGUARDED_AVAILABILITY = YES_AGGRESSIVE;
				CLANG_WARN_UNREACHABLE_CODE = YES;
				CLANG_WARN__DUPLICATE_METHOD_MATCH = YES;
				COPY_PHASE_STRIP = NO;
				DEBUG_INFORMATION_FORMAT = "dwarf-with-dsym";
				ENABLE_NS_ASSERTIONS = NO;
				ENABLE_STRICT_OBJC_MSGSEND = YES;
				ENABLE_USER_SCRIPT_SANDBOXING = YES;
				GCC_C_LANGUAGE_STANDARD = gnu17;
				GCC_NO_COMMON_BLOCKS = YES;
				GCC_WARN_64_TO_32_BIT_CONVERSION = YES;
				GCC_WARN_ABOUT_RETURN_TYPE = YES_ERROR;
				GCC_WARN_UNDECLARED_SELECTOR = YES;
				GCC_WARN_UNINITIALIZED_AUTOS = YES_AGGRESSIVE;
				GCC_WARN_UNUSED_FUNCTION = YES;
				GCC_WARN_UNUSED_VARIABLE = YES;
				IPHONEOS_DEPLOYMENT_TARGET = 17.0;
				LOCALIZATION_PREFERS_STRING_CATALOGS = YES;
				MTL_ENABLE_DEBUG_INFO = NO;
				MTL_FAST_MATH = YES;
				SDKROOT = iphoneos;
				SWIFT_COMPILATION_MODE = wholemodule;
				VALIDATE_PRODUCT = YES;
			};
			name = Release;
		};
		228B43B32DD6009B006C9EB1 /* Debug */ = {
			isa = XCBuildConfiguration;
			buildSettings = {
				ASSETCATALOG_COMPILER_APPICON_NAME = AppIcon;
				ASSETCATALOG_COMPILER_GLOBAL_ACCENT_COLOR_NAME = AccentColor;
				CODE_SIGN_STYLE = Automatic;
				CURRENT_PROJECT_VERSION = 1;
				GENERATE_INFOPLIST_FILE = YES;
				INFOPLIST_FILE = SportsApp/Info.plist;
				INFOPLIST_KEY_UIApplicationSupportsIndirectInputEvents = YES;
				INFOPLIST_KEY_UILaunchStoryboardName = LaunchScreen;
				INFOPLIST_KEY_UIMainStoryboardFile = Main;
				INFOPLIST_KEY_UIStatusBarStyle = "";
				INFOPLIST_KEY_UISupportedInterfaceOrientations_iPad = "UIInterfaceOrientationPortrait UIInterfaceOrientationPortraitUpsideDown UIInterfaceOrientationLandscapeLeft UIInterfaceOrientationLandscapeRight";
				INFOPLIST_KEY_UISupportedInterfaceOrientations_iPhone = "UIInterfaceOrientationPortrait UIInterfaceOrientationLandscapeLeft UIInterfaceOrientationLandscapeRight";
				IPHONEOS_DEPLOYMENT_TARGET = 15.0;
				LD_RUNPATH_SEARCH_PATHS = (
					"$(inherited)",
					"@executable_path/Frameworks",
				);
				MARKETING_VERSION = 1.0;
				PRODUCT_BUNDLE_IDENTIFIER = iti.SportsApp;
				PRODUCT_NAME = "$(TARGET_NAME)";
				SWIFT_EMIT_LOC_STRINGS = YES;
				SWIFT_VERSION = 5.0;
				TARGETED_DEVICE_FAMILY = "1,2";
			};
			name = Debug;
		};
		228B43B42DD6009B006C9EB1 /* Release */ = {
			isa = XCBuildConfiguration;
			buildSettings = {
				ASSETCATALOG_COMPILER_APPICON_NAME = AppIcon;
				ASSETCATALOG_COMPILER_GLOBAL_ACCENT_COLOR_NAME = AccentColor;
				CODE_SIGN_STYLE = Automatic;
				CURRENT_PROJECT_VERSION = 1;
				GENERATE_INFOPLIST_FILE = YES;
				INFOPLIST_FILE = SportsApp/Info.plist;
				INFOPLIST_KEY_UIApplicationSupportsIndirectInputEvents = YES;
				INFOPLIST_KEY_UILaunchStoryboardName = LaunchScreen;
				INFOPLIST_KEY_UIMainStoryboardFile = Main;
				INFOPLIST_KEY_UIStatusBarStyle = "";
				INFOPLIST_KEY_UISupportedInterfaceOrientations_iPad = "UIInterfaceOrientationPortrait UIInterfaceOrientationPortraitUpsideDown UIInterfaceOrientationLandscapeLeft UIInterfaceOrientationLandscapeRight";
				INFOPLIST_KEY_UISupportedInterfaceOrientations_iPhone = "UIInterfaceOrientationPortrait UIInterfaceOrientationLandscapeLeft UIInterfaceOrientationLandscapeRight";
				IPHONEOS_DEPLOYMENT_TARGET = 15.0;
				LD_RUNPATH_SEARCH_PATHS = (
					"$(inherited)",
					"@executable_path/Frameworks",
				);
				MARKETING_VERSION = 1.0;
				PRODUCT_BUNDLE_IDENTIFIER = iti.SportsApp;
				PRODUCT_NAME = "$(TARGET_NAME)";
				SWIFT_EMIT_LOC_STRINGS = YES;
				SWIFT_VERSION = 5.0;
				TARGETED_DEVICE_FAMILY = "1,2";
			};
			name = Release;
		};
		228B43B62DD6009B006C9EB1 /* Debug */ = {
			isa = XCBuildConfiguration;
			buildSettings = {
				ALWAYS_EMBED_SWIFT_STANDARD_LIBRARIES = YES;
				BUNDLE_LOADER = "$(TEST_HOST)";
				CODE_SIGN_STYLE = Automatic;
				CURRENT_PROJECT_VERSION = 1;
				GENERATE_INFOPLIST_FILE = YES;
				IPHONEOS_DEPLOYMENT_TARGET = 17.0;
				MARKETING_VERSION = 1.0;
				PRODUCT_BUNDLE_IDENTIFIER = iti.SportsAppTests;
				PRODUCT_NAME = "$(TARGET_NAME)";
				SWIFT_EMIT_LOC_STRINGS = NO;
				SWIFT_VERSION = 5.0;
				TARGETED_DEVICE_FAMILY = "1,2";
				TEST_HOST = "$(BUILT_PRODUCTS_DIR)/SportsApp.app/$(BUNDLE_EXECUTABLE_FOLDER_PATH)/SportsApp";
			};
			name = Debug;
		};
		228B43B72DD6009B006C9EB1 /* Release */ = {
			isa = XCBuildConfiguration;
			buildSettings = {
				ALWAYS_EMBED_SWIFT_STANDARD_LIBRARIES = YES;
				BUNDLE_LOADER = "$(TEST_HOST)";
				CODE_SIGN_STYLE = Automatic;
				CURRENT_PROJECT_VERSION = 1;
				GENERATE_INFOPLIST_FILE = YES;
				IPHONEOS_DEPLOYMENT_TARGET = 17.0;
				MARKETING_VERSION = 1.0;
				PRODUCT_BUNDLE_IDENTIFIER = iti.SportsAppTests;
				PRODUCT_NAME = "$(TARGET_NAME)";
				SWIFT_EMIT_LOC_STRINGS = NO;
				SWIFT_VERSION = 5.0;
				TARGETED_DEVICE_FAMILY = "1,2";
				TEST_HOST = "$(BUILT_PRODUCTS_DIR)/SportsApp.app/$(BUNDLE_EXECUTABLE_FOLDER_PATH)/SportsApp";
			};
			name = Release;
		};
		228B43B92DD6009B006C9EB1 /* Debug */ = {
			isa = XCBuildConfiguration;
			buildSettings = {
				ALWAYS_EMBED_SWIFT_STANDARD_LIBRARIES = YES;
				CODE_SIGN_STYLE = Automatic;
				CURRENT_PROJECT_VERSION = 1;
				GENERATE_INFOPLIST_FILE = YES;
				MARKETING_VERSION = 1.0;
				PRODUCT_BUNDLE_IDENTIFIER = iti.SportsAppUITests;
				PRODUCT_NAME = "$(TARGET_NAME)";
				SWIFT_EMIT_LOC_STRINGS = NO;
				SWIFT_VERSION = 5.0;
				TARGETED_DEVICE_FAMILY = "1,2";
				TEST_TARGET_NAME = SportsApp;
			};
			name = Debug;
		};
		228B43BA2DD6009B006C9EB1 /* Release */ = {
			isa = XCBuildConfiguration;
			buildSettings = {
				ALWAYS_EMBED_SWIFT_STANDARD_LIBRARIES = YES;
				CODE_SIGN_STYLE = Automatic;
				CURRENT_PROJECT_VERSION = 1;
				GENERATE_INFOPLIST_FILE = YES;
				MARKETING_VERSION = 1.0;
				PRODUCT_BUNDLE_IDENTIFIER = iti.SportsAppUITests;
				PRODUCT_NAME = "$(TARGET_NAME)";
				SWIFT_EMIT_LOC_STRINGS = NO;
				SWIFT_VERSION = 5.0;
				TARGETED_DEVICE_FAMILY = "1,2";
				TEST_TARGET_NAME = SportsApp;
			};
			name = Release;
		};
/* End XCBuildConfiguration section */

/* Begin XCConfigurationList section */
		228B43802DD60098006C9EB1 /* Build configuration list for PBXProject "SportsApp" */ = {
			isa = XCConfigurationList;
			buildConfigurations = (
				228B43B02DD6009B006C9EB1 /* Debug */,
				228B43B12DD6009B006C9EB1 /* Release */,
			);
			defaultConfigurationIsVisible = 0;
			defaultConfigurationName = Release;
		};
		228B43B22DD6009B006C9EB1 /* Build configuration list for PBXNativeTarget "SportsApp" */ = {
			isa = XCConfigurationList;
			buildConfigurations = (
				228B43B32DD6009B006C9EB1 /* Debug */,
				228B43B42DD6009B006C9EB1 /* Release */,
			);
			defaultConfigurationIsVisible = 0;
			defaultConfigurationName = Release;
		};
		228B43B52DD6009B006C9EB1 /* Build configuration list for PBXNativeTarget "SportsAppTests" */ = {
			isa = XCConfigurationList;
			buildConfigurations = (
				228B43B62DD6009B006C9EB1 /* Debug */,
				228B43B72DD6009B006C9EB1 /* Release */,
			);
			defaultConfigurationIsVisible = 0;
			defaultConfigurationName = Release;
		};
		228B43B82DD6009B006C9EB1 /* Build configuration list for PBXNativeTarget "SportsAppUITests" */ = {
			isa = XCConfigurationList;
			buildConfigurations = (
				228B43B92DD6009B006C9EB1 /* Debug */,
				228B43BA2DD6009B006C9EB1 /* Release */,
			);
			defaultConfigurationIsVisible = 0;
			defaultConfigurationName = Release;
		};
/* End XCConfigurationList section */

/* Begin XCRemoteSwiftPackageReference section */
		226A37F82DDA4211005BC1D6 /* XCRemoteSwiftPackageReference "Alamofire" */ = {
			isa = XCRemoteSwiftPackageReference;
			repositoryURL = "https://github.com/Alamofire/Alamofire";
			requirement = {
				kind = upToNextMajorVersion;
				minimumVersion = 5.10.2;
			};
		};
		226A37FD2DDA4263005BC1D6 /* XCRemoteSwiftPackageReference "SDWebImage" */ = {
			isa = XCRemoteSwiftPackageReference;
			repositoryURL = "https://github.com/SDWebImage/SDWebImage";
			requirement = {
				kind = upToNextMajorVersion;
				minimumVersion = 5.21.0;
			};
		};
/* End XCRemoteSwiftPackageReference section */

/* Begin XCSwiftPackageProductDependency section */
		226A37F92DDA4211005BC1D6 /* Alamofire */ = {
			isa = XCSwiftPackageProductDependency;
			package = 226A37F82DDA4211005BC1D6 /* XCRemoteSwiftPackageReference "Alamofire" */;
			productName = Alamofire;
		};
		226A37FB2DDA4211005BC1D6 /* AlamofireDynamic */ = {
			isa = XCSwiftPackageProductDependency;
			package = 226A37F82DDA4211005BC1D6 /* XCRemoteSwiftPackageReference "Alamofire" */;
			productName = AlamofireDynamic;
		};
		226A37FE2DDA4263005BC1D6 /* SDWebImage */ = {
			isa = XCSwiftPackageProductDependency;
			package = 226A37FD2DDA4263005BC1D6 /* XCRemoteSwiftPackageReference "SDWebImage" */;
			productName = SDWebImage;
		};
/* End XCSwiftPackageProductDependency section */

/* Begin XCVersionGroup section */
		228B43912DD60098006C9EB1 /* SportsApp.xcdatamodeld */ = {
			isa = XCVersionGroup;
			children = (
				228B43922DD60098006C9EB1 /* SportsApp.xcdatamodel */,
			);
			currentVersion = 228B43922DD60098006C9EB1 /* SportsApp.xcdatamodel */;
			path = SportsApp.xcdatamodeld;
			sourceTree = "<group>";
			versionGroupType = wrapper.xcdatamodel;
		};
/* End XCVersionGroup section */
	};
	rootObject = 228B437D2DD60098006C9EB1 /* Project object */;
}
