// !$*UTF8*$!
{
	archiveVersion = 1;
	classes = {
	};
	objectVersion = 56;
	objects = {

/* Begin PBXBuildFile section */
		223C51F42DDCE36500E4E7CE /* DateUtility.swift in Sources */ = {isa = PBXBuildFile; fileRef = 223C51F32DDCE36500E4E7CE /* DateUtility.swift */; };
		223C51F72DDD190E00E4E7CE /* CoreDataManager.swift in Sources */ = {isa = PBXBuildFile; fileRef = 223C51F62DDD190E00E4E7CE /* CoreDataManager.swift */; };
		224972122DDB76D200003E83 /* SplashViewController.swift in Sources */ = {isa = PBXBuildFile; fileRef = 224972102DDB76D200003E83 /* SplashViewController.swift */; };
		224972132DDB76D200003E83 /* SplashViewController.xib in Resources */ = {isa = PBXBuildFile; fileRef = 224972112DDB76D200003E83 /* SplashViewController.xib */; };
		224972162DDB9E5B00003E83 /* SportsViewController.swift in Sources */ = {isa = PBXBuildFile; fileRef = 224972142DDB9E5B00003E83 /* SportsViewController.swift */; };
		224972172DDB9E5B00003E83 /* SportsViewController.xib in Resources */ = {isa = PBXBuildFile; fileRef = 224972152DDB9E5B00003E83 /* SportsViewController.xib */; };
		2249721A2DDB9EA500003E83 /* FavoritesViewController.swift in Sources */ = {isa = PBXBuildFile; fileRef = 224972182DDB9EA500003E83 /* FavoritesViewController.swift */; };
		2249721B2DDB9EA500003E83 /* FavoritesViewController.xib in Resources */ = {isa = PBXBuildFile; fileRef = 224972192DDB9EA500003E83 /* FavoritesViewController.xib */; };
		2249721E2DDB9F3A00003E83 /* HomeTabBarViewController.swift in Sources */ = {isa = PBXBuildFile; fileRef = 2249721C2DDB9F3A00003E83 /* HomeTabBarViewController.swift */; };
		2249721F2DDB9F3A00003E83 /* HomeTabBarViewController.xib in Resources */ = {isa = PBXBuildFile; fileRef = 2249721D2DDB9F3A00003E83 /* HomeTabBarViewController.xib */; };
		224972222DDBA22D00003E83 /* LeaguesTableViewCell.swift in Sources */ = {isa = PBXBuildFile; fileRef = 224972202DDBA22D00003E83 /* LeaguesTableViewCell.swift */; };
		224972232DDBA22D00003E83 /* LeaguesTableViewCell.xib in Resources */ = {isa = PBXBuildFile; fileRef = 224972212DDBA22D00003E83 /* LeaguesTableViewCell.xib */; };
		224972252DDBA78900003E83 /* Assets.xcassets in Resources */ = {isa = PBXBuildFile; fileRef = 224972242DDBA78900003E83 /* Assets.xcassets */; };
		224972282DDBB46400003E83 /* LeaguesTableViewController.swift in Sources */ = {isa = PBXBuildFile; fileRef = 224972262DDBB46400003E83 /* LeaguesTableViewController.swift */; };
		224972292DDBB46400003E83 /* LeaguesTableViewController.xib in Resources */ = {isa = PBXBuildFile; fileRef = 224972272DDBB46400003E83 /* LeaguesTableViewController.xib */; };
		227F5AB22DDDC577008ED43C /* HomeSport.swift in Sources */ = {isa = PBXBuildFile; fileRef = 227F5AB12DDDC577008ED43C /* HomeSport.swift */; };
		227F5AB92DDDC593008ED43C /* HomeCell.swift in Sources */ = {isa = PBXBuildFile; fileRef = 227F5AB42DDDC593008ED43C /* HomeCell.swift */; };
		227F5ABA2DDDC593008ED43C /* HomeCell.xib in Resources */ = {isa = PBXBuildFile; fileRef = 227F5AB52DDDC593008ED43C /* HomeCell.xib */; };
		227F5ABB2DDDC593008ED43C /* HomeViewController.xib in Resources */ = {isa = PBXBuildFile; fileRef = 227F5AB72DDDC593008ED43C /* HomeViewController.xib */; };
		227F5ABC2DDDC593008ED43C /* HomeViewController.swift in Sources */ = {isa = PBXBuildFile; fileRef = 227F5AB82DDDC593008ED43C /* HomeViewController.swift */; };
		228B43892DD60098006C9EB1 /* AppDelegate.swift in Sources */ = {isa = PBXBuildFile; fileRef = 228B43882DD60098006C9EB1 /* AppDelegate.swift */; };
		228B438B2DD60098006C9EB1 /* SceneDelegate.swift in Sources */ = {isa = PBXBuildFile; fileRef = 228B438A2DD60098006C9EB1 /* SceneDelegate.swift */; };
		228B43A32DD6009B006C9EB1 /* SportsAppTests.swift in Sources */ = {isa = PBXBuildFile; fileRef = 228B43A22DD6009B006C9EB1 /* SportsAppTests.swift */; };
		228B43AD2DD6009B006C9EB1 /* SportsAppUITests.swift in Sources */ = {isa = PBXBuildFile; fileRef = 228B43AC2DD6009B006C9EB1 /* SportsAppUITests.swift */; };
		228B43AF2DD6009B006C9EB1 /* SportsAppUITestsLaunchTests.swift in Sources */ = {isa = PBXBuildFile; fileRef = 228B43AE2DD6009B006C9EB1 /* SportsAppUITestsLaunchTests.swift */; };
		22C7DAF52DDB966300225FAB /* Alamofire in Frameworks */ = {isa = PBXBuildFile; productRef = 22C7DAF42DDB966300225FAB /* Alamofire */; };
		22C7DAF72DDB966300225FAB /* AlamofireDynamic in Frameworks */ = {isa = PBXBuildFile; productRef = 22C7DAF62DDB966300225FAB /* AlamofireDynamic */; };
		22C7DAFA2DDB967200225FAB /* SDWebImage in Frameworks */ = {isa = PBXBuildFile; productRef = 22C7DAF92DDB967200225FAB /* SDWebImage */; };
		22C7DB042DDB979E00225FAB /* SportsApp.xcdatamodeld in Sources */ = {isa = PBXBuildFile; fileRef = 22C7DAFF2DDB979E00225FAB /* SportsApp.xcdatamodeld */; };
		22C7DB0E2DDB988B00225FAB /* NetworkService.swift in Sources */ = {isa = PBXBuildFile; fileRef = 22C7DB0D2DDB988B00225FAB /* NetworkService.swift */; };
		22C7DB102DDB98E000225FAB /* Fixture.swift in Sources */ = {isa = PBXBuildFile; fileRef = 22C7DB0F2DDB98E000225FAB /* Fixture.swift */; };
		22C7DB122DDB993D00225FAB /* Player.swift in Sources */ = {isa = PBXBuildFile; fileRef = 22C7DB112DDB993D00225FAB /* Player.swift */; };
		22C7DB142DDB99C000225FAB /* Team.swift in Sources */ = {isa = PBXBuildFile; fileRef = 22C7DB132DDB99C000225FAB /* Team.swift */; };
		22C7DB162DDB99EE00225FAB /* League.swift in Sources */ = {isa = PBXBuildFile; fileRef = 22C7DB152DDB99EE00225FAB /* League.swift */; };
		22C7DB182DDB9A2100225FAB /* SportsEnums.swift in Sources */ = {isa = PBXBuildFile; fileRef = 22C7DB172DDB9A2100225FAB /* SportsEnums.swift */; };
		22C7DB1A2DDB9A3500225FAB /* TennisFactory.swift in Sources */ = {isa = PBXBuildFile; fileRef = 22C7DB192DDB9A3500225FAB /* TennisFactory.swift */; };
		22C7DB1C2DDB9A4A00225FAB /* SportFactory.swift in Sources */ = {isa = PBXBuildFile; fileRef = 22C7DB1B2DDB9A4A00225FAB /* SportFactory.swift */; };
		22C7DB1E2DDB9A6B00225FAB /* BasketballFactory.swift in Sources */ = {isa = PBXBuildFile; fileRef = 22C7DB1D2DDB9A6B00225FAB /* BasketballFactory.swift */; };
		22C7DB202DDB9A8500225FAB /* CricketFactory.swift in Sources */ = {isa = PBXBuildFile; fileRef = 22C7DB1F2DDB9A8500225FAB /* CricketFactory.swift */; };
		22C7DB222DDB9AA600225FAB /* FootballFactory.swift in Sources */ = {isa = PBXBuildFile; fileRef = 22C7DB212DDB9AA500225FAB /* FootballFactory.swift */; };
		22C7DB242DDB9ACD00225FAB /* Presenter.swift in Sources */ = {isa = PBXBuildFile; fileRef = 22C7DB232DDB9ACD00225FAB /* Presenter.swift */; };
/* End PBXBuildFile section */

/* Begin PBXContainerItemProxy section */
		228B439F2DD6009B006C9EB1 /* PBXContainerItemProxy */ = {
			isa = PBXContainerItemProxy;
			containerPortal = 228B437D2DD60098006C9EB1 /* Project object */;
			proxyType = 1;
			remoteGlobalIDString = 228B43842DD60098006C9EB1;
			remoteInfo = SportsApp;
		};
		228B43A92DD6009B006C9EB1 /* PBXContainerItemProxy */ = {
			isa = PBXContainerItemProxy;
			containerPortal = 228B437D2DD60098006C9EB1 /* Project object */;
			proxyType = 1;
			remoteGlobalIDString = 228B43842DD60098006C9EB1;
			remoteInfo = SportsApp;
		};
/* End PBXContainerItemProxy section */

/* Begin PBXFileReference section */
		223C51F32DDCE36500E4E7CE /* DateUtility.swift */ = {isa = PBXFileReference; lastKnownFileType = sourcecode.swift; path = DateUtility.swift; sourceTree = "<group>"; };
		223C51F62DDD190E00E4E7CE /* CoreDataManager.swift */ = {isa = PBXFileReference; lastKnownFileType = sourcecode.swift; path = CoreDataManager.swift; sourceTree = "<group>"; };
		224972102DDB76D200003E83 /* SplashViewController.swift */ = {isa = PBXFileReference; lastKnownFileType = sourcecode.swift; path = SplashViewController.swift; sourceTree = "<group>"; };
		224972112DDB76D200003E83 /* SplashViewController.xib */ = {isa = PBXFileReference; lastKnownFileType = file.xib; path = SplashViewController.xib; sourceTree = "<group>"; };
		224972142DDB9E5B00003E83 /* SportsViewController.swift */ = {isa = PBXFileReference; lastKnownFileType = sourcecode.swift; path = SportsViewController.swift; sourceTree = "<group>"; };
		224972152DDB9E5B00003E83 /* SportsViewController.xib */ = {isa = PBXFileReference; lastKnownFileType = file.xib; path = SportsViewController.xib; sourceTree = "<group>"; };
		224972182DDB9EA500003E83 /* FavoritesViewController.swift */ = {isa = PBXFileReference; lastKnownFileType = sourcecode.swift; path = FavoritesViewController.swift; sourceTree = "<group>"; };
		224972192DDB9EA500003E83 /* FavoritesViewController.xib */ = {isa = PBXFileReference; lastKnownFileType = file.xib; path = FavoritesViewController.xib; sourceTree = "<group>"; };
		2249721C2DDB9F3A00003E83 /* HomeTabBarViewController.swift */ = {isa = PBXFileReference; lastKnownFileType = sourcecode.swift; path = HomeTabBarViewController.swift; sourceTree = "<group>"; };
		2249721D2DDB9F3A00003E83 /* HomeTabBarViewController.xib */ = {isa = PBXFileReference; lastKnownFileType = file.xib; path = HomeTabBarViewController.xib; sourceTree = "<group>"; };
		224972202DDBA22D00003E83 /* LeaguesTableViewCell.swift */ = {isa = PBXFileReference; lastKnownFileType = sourcecode.swift; path = LeaguesTableViewCell.swift; sourceTree = "<group>"; };
		224972212DDBA22D00003E83 /* LeaguesTableViewCell.xib */ = {isa = PBXFileReference; lastKnownFileType = file.xib; path = LeaguesTableViewCell.xib; sourceTree = "<group>"; };
		224972242DDBA78900003E83 /* Assets.xcassets */ = {isa = PBXFileReference; lastKnownFileType = folder.assetcatalog; path = Assets.xcassets; sourceTree = "<group>"; };
		224972262DDBB46400003E83 /* LeaguesTableViewController.swift */ = {isa = PBXFileReference; lastKnownFileType = sourcecode.swift; path = LeaguesTableViewController.swift; sourceTree = "<group>"; };
		224972272DDBB46400003E83 /* LeaguesTableViewController.xib */ = {isa = PBXFileReference; lastKnownFileType = file.xib; path = LeaguesTableViewController.xib; sourceTree = "<group>"; };
		227F5AB12DDDC577008ED43C /* HomeSport.swift */ = {isa = PBXFileReference; fileEncoding = 4; lastKnownFileType = sourcecode.swift; path = HomeSport.swift; sourceTree = "<group>"; };
		227F5AB42DDDC593008ED43C /* HomeCell.swift */ = {isa = PBXFileReference; fileEncoding = 4; lastKnownFileType = sourcecode.swift; path = HomeCell.swift; sourceTree = "<group>"; };
		227F5AB52DDDC593008ED43C /* HomeCell.xib */ = {isa = PBXFileReference; fileEncoding = 4; lastKnownFileType = file.xib; path = HomeCell.xib; sourceTree = "<group>"; };
		227F5AB72DDDC593008ED43C /* HomeViewController.xib */ = {isa = PBXFileReference; fileEncoding = 4; lastKnownFileType = file.xib; path = HomeViewController.xib; sourceTree = "<group>"; };
		227F5AB82DDDC593008ED43C /* HomeViewController.swift */ = {isa = PBXFileReference; fileEncoding = 4; lastKnownFileType = sourcecode.swift; path = HomeViewController.swift; sourceTree = "<group>"; };
		228124512DDB7FC9005A16CF /* .gitignore */ = {isa = PBXFileReference; lastKnownFileType = text; path = .gitignore; sourceTree = "<group>"; };
		228B43852DD60098006C9EB1 /* SportsApp.app */ = {isa = PBXFileReference; explicitFileType = wrapper.application; includeInIndex = 0; path = SportsApp.app; sourceTree = BUILT_PRODUCTS_DIR; };
		228B43882DD60098006C9EB1 /* AppDelegate.swift */ = {isa = PBXFileReference; lastKnownFileType = sourcecode.swift; path = AppDelegate.swift; sourceTree = "<group>"; };
		228B438A2DD60098006C9EB1 /* SceneDelegate.swift */ = {isa = PBXFileReference; lastKnownFileType = sourcecode.swift; path = SceneDelegate.swift; sourceTree = "<group>"; };
		228B43992DD6009A006C9EB1 /* Info.plist */ = {isa = PBXFileReference; lastKnownFileType = text.plist.xml; path = Info.plist; sourceTree = "<group>"; };
		228B439E2DD6009B006C9EB1 /* SportsAppTests.xctest */ = {isa = PBXFileReference; explicitFileType = wrapper.cfbundle; includeInIndex = 0; path = SportsAppTests.xctest; sourceTree = BUILT_PRODUCTS_DIR; };
		228B43A22DD6009B006C9EB1 /* SportsAppTests.swift */ = {isa = PBXFileReference; lastKnownFileType = sourcecode.swift; path = SportsAppTests.swift; sourceTree = "<group>"; };
		228B43A82DD6009B006C9EB1 /* SportsAppUITests.xctest */ = {isa = PBXFileReference; explicitFileType = wrapper.cfbundle; includeInIndex = 0; path = SportsAppUITests.xctest; sourceTree = BUILT_PRODUCTS_DIR; };
		228B43AC2DD6009B006C9EB1 /* SportsAppUITests.swift */ = {isa = PBXFileReference; lastKnownFileType = sourcecode.swift; path = SportsAppUITests.swift; sourceTree = "<group>"; };
		228B43AE2DD6009B006C9EB1 /* SportsAppUITestsLaunchTests.swift */ = {isa = PBXFileReference; lastKnownFileType = sourcecode.swift; path = SportsAppUITestsLaunchTests.swift; sourceTree = "<group>"; };
		22C7DB002DDB979E00225FAB /* SportsApp.xcdatamodel */ = {isa = PBXFileReference; lastKnownFileType = wrapper.xcdatamodel; path = SportsApp.xcdatamodel; sourceTree = "<group>"; };
		22C7DB0D2DDB988B00225FAB /* NetworkService.swift */ = {isa = PBXFileReference; lastKnownFileType = sourcecode.swift; path = NetworkService.swift; sourceTree = "<group>"; };
		22C7DB0F2DDB98E000225FAB /* Fixture.swift */ = {isa = PBXFileReference; lastKnownFileType = sourcecode.swift; path = Fixture.swift; sourceTree = "<group>"; };
		22C7DB112DDB993D00225FAB /* Player.swift */ = {isa = PBXFileReference; lastKnownFileType = sourcecode.swift; path = Player.swift; sourceTree = "<group>"; };
		22C7DB132DDB99C000225FAB /* Team.swift */ = {isa = PBXFileReference; lastKnownFileType = sourcecode.swift; path = Team.swift; sourceTree = "<group>"; };
		22C7DB152DDB99EE00225FAB /* League.swift */ = {isa = PBXFileReference; lastKnownFileType = sourcecode.swift; path = League.swift; sourceTree = "<group>"; };
		22C7DB172DDB9A2100225FAB /* SportsEnums.swift */ = {isa = PBXFileReference; lastKnownFileType = sourcecode.swift; path = SportsEnums.swift; sourceTree = "<group>"; };
		22C7DB192DDB9A3500225FAB /* TennisFactory.swift */ = {isa = PBXFileReference; lastKnownFileType = sourcecode.swift; path = TennisFactory.swift; sourceTree = "<group>"; };
		22C7DB1B2DDB9A4A00225FAB /* SportFactory.swift */ = {isa = PBXFileReference; lastKnownFileType = sourcecode.swift; path = SportFactory.swift; sourceTree = "<group>"; };
		22C7DB1D2DDB9A6B00225FAB /* BasketballFactory.swift */ = {isa = PBXFileReference; lastKnownFileType = sourcecode.swift; path = BasketballFactory.swift; sourceTree = "<group>"; };
		22C7DB1F2DDB9A8500225FAB /* CricketFactory.swift */ = {isa = PBXFileReference; lastKnownFileType = sourcecode.swift; path = CricketFactory.swift; sourceTree = "<group>"; };
		22C7DB212DDB9AA500225FAB /* FootballFactory.swift */ = {isa = PBXFileReference; lastKnownFileType = sourcecode.swift; path = FootballFactory.swift; sourceTree = "<group>"; };
		22C7DB232DDB9ACD00225FAB /* Presenter.swift */ = {isa = PBXFileReference; lastKnownFileType = sourcecode.swift; path = Presenter.swift; sourceTree = "<group>"; };
/* End PBXFileReference section */

/* Begin PBXFrameworksBuildPhase section */
		228B43822DD60098006C9EB1 /* Frameworks */ = {
			isa = PBXFrameworksBuildPhase;
			buildActionMask = 2147483647;
			files = (
				22C7DAFA2DDB967200225FAB /* SDWebImage in Frameworks */,
				22C7DAF52DDB966300225FAB /* Alamofire in Frameworks */,
				22C7DAF72DDB966300225FAB /* AlamofireDynamic in Frameworks */,
			);
			runOnlyForDeploymentPostprocessing = 0;
		};
		228B439B2DD6009B006C9EB1 /* Frameworks */ = {
			isa = PBXFrameworksBuildPhase;
			buildActionMask = 2147483647;
			files = (
			);
			runOnlyForDeploymentPostprocessing = 0;
		};
		228B43A52DD6009B006C9EB1 /* Frameworks */ = {
			isa = PBXFrameworksBuildPhase;
			buildActionMask = 2147483647;
			files = (
			);
			runOnlyForDeploymentPostprocessing = 0;
		};
/* End PBXFrameworksBuildPhase section */

/* Begin PBXGroup section */
		223C51E92DDCDCA700E4E7CE /* Model */ = {
			isa = PBXGroup;
			children = (
				223C51F52DDD18FA00E4E7CE /* Database */,
				223C51F12DDCDE8600E4E7CE /* Networking */,
				22C7DB0C2DDB986F00225FAB /* POJOs */,
			);
			path = Model;
			sourceTree = "<group>";
		};
		223C51EA2DDCDD6C00E4E7CE /* View */ = {
			isa = PBXGroup;
			children = (
				223C51F02DDCDE2700E4E7CE /* LeaguesView */,
				223C51EF2DDCDE0900E4E7CE /* HomeView */,
				223C51EE2DDCDDF100E4E7CE /* FavoritesView */,
				223C51ED2DDCDDDC00E4E7CE /* SportsView */,
				223C51EC2DDCDDC700E4E7CE /* SplashView */,
			);
			path = View;
			sourceTree = "<group>";
		};
		223C51EB2DDCDD7A00E4E7CE /* Presenter */ = {
			isa = PBXGroup;
			children = (
				22C7DB232DDB9ACD00225FAB /* Presenter.swift */,
			);
			path = Presenter;
			sourceTree = "<group>";
		};
		223C51EC2DDCDDC700E4E7CE /* SplashView */ = {
			isa = PBXGroup;
			children = (
				224972112DDB76D200003E83 /* SplashViewController.xib */,
				224972102DDB76D200003E83 /* SplashViewController.swift */,
			);
			path = SplashView;
			sourceTree = "<group>";
		};
		223C51ED2DDCDDDC00E4E7CE /* SportsView */ = {
			isa = PBXGroup;
			children = (
				227F5AB32DDDC593008ED43C /* HomeCell */,
				227F5AB62DDDC593008ED43C /* HomeViewController */,
				224972152DDB9E5B00003E83 /* SportsViewController.xib */,
				224972142DDB9E5B00003E83 /* SportsViewController.swift */,
			);
			path = SportsView;
			sourceTree = "<group>";
		};
		223C51EE2DDCDDF100E4E7CE /* FavoritesView */ = {
			isa = PBXGroup;
			children = (
				224972192DDB9EA500003E83 /* FavoritesViewController.xib */,
				224972182DDB9EA500003E83 /* FavoritesViewController.swift */,
			);
			path = FavoritesView;
			sourceTree = "<group>";
		};
		223C51EF2DDCDE0900E4E7CE /* HomeView */ = {
			isa = PBXGroup;
			children = (
				2249721D2DDB9F3A00003E83 /* HomeTabBarViewController.xib */,
				2249721C2DDB9F3A00003E83 /* HomeTabBarViewController.swift */,
			);
			path = HomeView;
			sourceTree = "<group>";
		};
		223C51F02DDCDE2700E4E7CE /* LeaguesView */ = {
			isa = PBXGroup;
			children = (
				224972212DDBA22D00003E83 /* LeaguesTableViewCell.xib */,
				224972202DDBA22D00003E83 /* LeaguesTableViewCell.swift */,
				224972272DDBB46400003E83 /* LeaguesTableViewController.xib */,
				224972262DDBB46400003E83 /* LeaguesTableViewController.swift */,
			);
			path = LeaguesView;
			sourceTree = "<group>";
		};
		223C51F12DDCDE8600E4E7CE /* Networking */ = {
			isa = PBXGroup;
			children = (
				22C7DB0D2DDB988B00225FAB /* NetworkService.swift */,
			);
			path = Networking;
			sourceTree = "<group>";
		};
		223C51F22DDCE34000E4E7CE /* Utilities */ = {
			isa = PBXGroup;
			children = (
				223C51F32DDCE36500E4E7CE /* DateUtility.swift */,
			);
			path = Utilities;
			sourceTree = "<group>";
		};
		223C51F52DDD18FA00E4E7CE /* Database */ = {
			isa = PBXGroup;
			children = (
				223C51F62DDD190E00E4E7CE /* CoreDataManager.swift */,
			);
			path = Database;
			sourceTree = "<group>";
		};
		227F5AB32DDDC593008ED43C /* HomeCell */ = {
			isa = PBXGroup;
			children = (
				227F5AB42DDDC593008ED43C /* HomeCell.swift */,
				227F5AB52DDDC593008ED43C /* HomeCell.xib */,
			);
			path = HomeCell;
			sourceTree = "<group>";
		};
		227F5AB62DDDC593008ED43C /* HomeViewController */ = {
			isa = PBXGroup;
			children = (
				227F5AB72DDDC593008ED43C /* HomeViewController.xib */,
				227F5AB82DDDC593008ED43C /* HomeViewController.swift */,
			);
			path = HomeViewController;
			sourceTree = "<group>";
		};
		228B437C2DD60098006C9EB1 = {
			isa = PBXGroup;
			children = (
				228124512DDB7FC9005A16CF /* .gitignore */,
				228B43872DD60098006C9EB1 /* SportsApp */,
				228B43A12DD6009B006C9EB1 /* SportsAppTests */,
				228B43AB2DD6009B006C9EB1 /* SportsAppUITests */,
				228B43862DD60098006C9EB1 /* Products */,
			);
			sourceTree = "<group>";
		};
		228B43862DD60098006C9EB1 /* Products */ = {
			isa = PBXGroup;
			children = (
				228B43852DD60098006C9EB1 /* SportsApp.app */,
				228B439E2DD6009B006C9EB1 /* SportsAppTests.xctest */,
				228B43A82DD6009B006C9EB1 /* SportsAppUITests.xctest */,
			);
			name = Products;
			sourceTree = "<group>";
		};
		228B43872DD60098006C9EB1 /* SportsApp */ = {
			isa = PBXGroup;
			children = (
				223C51F22DDCE34000E4E7CE /* Utilities */,
				223C51EB2DDCDD7A00E4E7CE /* Presenter */,
				223C51EA2DDCDD6C00E4E7CE /* View */,
				223C51E92DDCDCA700E4E7CE /* Model */,
				224972242DDBA78900003E83 /* Assets.xcassets */,
				228B43992DD6009A006C9EB1 /* Info.plist */,
				22C7DAFF2DDB979E00225FAB /* SportsApp.xcdatamodeld */,
				228B43882DD60098006C9EB1 /* AppDelegate.swift */,
				228B438A2DD60098006C9EB1 /* SceneDelegate.swift */,
				22C7DB172DDB9A2100225FAB /* SportsEnums.swift */,
				22C7DB192DDB9A3500225FAB /* TennisFactory.swift */,
				22C7DB1B2DDB9A4A00225FAB /* SportFactory.swift */,
				22C7DB1D2DDB9A6B00225FAB /* BasketballFactory.swift */,
				22C7DB1F2DDB9A8500225FAB /* CricketFactory.swift */,
				22C7DB212DDB9AA500225FAB /* FootballFactory.swift */,
			);
			path = SportsApp;
			sourceTree = "<group>";
		};
		228B43A12DD6009B006C9EB1 /* SportsAppTests */ = {
			isa = PBXGroup;
			children = (
				228B43A22DD6009B006C9EB1 /* SportsAppTests.swift */,
			);
			path = SportsAppTests;
			sourceTree = "<group>";
		};
		228B43AB2DD6009B006C9EB1 /* SportsAppUITests */ = {
			isa = PBXGroup;
			children = (
				228B43AC2DD6009B006C9EB1 /* SportsAppUITests.swift */,
				228B43AE2DD6009B006C9EB1 /* SportsAppUITestsLaunchTests.swift */,
			);
			path = SportsAppUITests;
			sourceTree = "<group>";
		};
		22C7DB0C2DDB986F00225FAB /* POJOs */ = {
			isa = PBXGroup;
			children = (
				227F5AB12DDDC577008ED43C /* HomeSport.swift */,
				22C7DB0F2DDB98E000225FAB /* Fixture.swift */,
				22C7DB112DDB993D00225FAB /* Player.swift */,
				22C7DB132DDB99C000225FAB /* Team.swift */,
				22C7DB152DDB99EE00225FAB /* League.swift */,
			);
			path = POJOs;
			sourceTree = "<group>";
		};
/* End PBXGroup section */

/* Begin PBXNativeTarget section */
		228B43842DD60098006C9EB1 /* SportsApp */ = {
			isa = PBXNativeTarget;
			buildConfigurationList = 228B43B22DD6009B006C9EB1 /* Build configuration list for PBXNativeTarget "SportsApp" */;
			buildPhases = (
				228B43812DD60098006C9EB1 /* Sources */,
				228B43822DD60098006C9EB1 /* Frameworks */,
				228B43832DD60098006C9EB1 /* Resources */,
			);
			buildRules = (
			);
			dependencies = (
			);
			name = SportsApp;
			packageProductDependencies = (
				22C7DAF42DDB966300225FAB /* Alamofire */,
				22C7DAF62DDB966300225FAB /* AlamofireDynamic */,
				22C7DAF92DDB967200225FAB /* SDWebImage */,
			);
			productName = SportsApp;
			productReference = 228B43852DD60098006C9EB1 /* SportsApp.app */;
			productType = "com.apple.product-type.application";
		};
		228B439D2DD6009B006C9EB1 /* SportsAppTests */ = {
			isa = PBXNativeTarget;
			buildConfigurationList = 228B43B52DD6009B006C9EB1 /* Build configuration list for PBXNativeTarget "SportsAppTests" */;
			buildPhases = (
				228B439A2DD6009B006C9EB1 /* Sources */,
				228B439B2DD6009B006C9EB1 /* Frameworks */,
				228B439C2DD6009B006C9EB1 /* Resources */,
			);
			buildRules = (
			);
			dependencies = (
				228B43A02DD6009B006C9EB1 /* PBXTargetDependency */,
			);
			name = SportsAppTests;
			productName = SportsAppTests;
			productReference = 228B439E2DD6009B006C9EB1 /* SportsAppTests.xctest */;
			productType = "com.apple.product-type.bundle.unit-test";
		};
		228B43A72DD6009B006C9EB1 /* SportsAppUITests */ = {
			isa = PBXNativeTarget;
			buildConfigurationList = 228B43B82DD6009B006C9EB1 /* Build configuration list for PBXNativeTarget "SportsAppUITests" */;
			buildPhases = (
				228B43A42DD6009B006C9EB1 /* Sources */,
				228B43A52DD6009B006C9EB1 /* Frameworks */,
				228B43A62DD6009B006C9EB1 /* Resources */,
			);
			buildRules = (
			);
			dependencies = (
				228B43AA2DD6009B006C9EB1 /* PBXTargetDependency */,
			);
			name = SportsAppUITests;
			productName = SportsAppUITests;
			productReference = 228B43A82DD6009B006C9EB1 /* SportsAppUITests.xctest */;
			productType = "com.apple.product-type.bundle.ui-testing";
		};
/* End PBXNativeTarget section */

/* Begin PBXProject section */
		228B437D2DD60098006C9EB1 /* Project object */ = {
			isa = PBXProject;
			attributes = {
				BuildIndependentTargetsInParallel = 1;
				LastSwiftUpdateCheck = 1500;
				LastUpgradeCheck = 1500;
				TargetAttributes = {
					228B43842DD60098006C9EB1 = {
						CreatedOnToolsVersion = 15.0;
					};
					228B439D2DD6009B006C9EB1 = {
						CreatedOnToolsVersion = 15.0;
						TestTargetID = 228B43842DD60098006C9EB1;
					};
					228B43A72DD6009B006C9EB1 = {
						CreatedOnToolsVersion = 15.0;
						TestTargetID = 228B43842DD60098006C9EB1;
					};
				};
			};
			buildConfigurationList = 228B43802DD60098006C9EB1 /* Build configuration list for PBXProject "SportsApp" */;
			compatibilityVersion = "Xcode 14.0";
			developmentRegion = en;
			hasScannedForEncodings = 0;
			knownRegions = (
				en,
				Base,
			);
			mainGroup = 228B437C2DD60098006C9EB1;
			packageReferences = (
				22C7DAF32DDB966300225FAB /* XCRemoteSwiftPackageReference "Alamofire" */,
				22C7DAF82DDB967200225FAB /* XCRemoteSwiftPackageReference "SDWebImage" */,
			);
			productRefGroup = 228B43862DD60098006C9EB1 /* Products */;
			projectDirPath = "";
			projectRoot = "";
			targets = (
				228B43842DD60098006C9EB1 /* SportsApp */,
				228B439D2DD6009B006C9EB1 /* SportsAppTests */,
				228B43A72DD6009B006C9EB1 /* SportsAppUITests */,
			);
		};
/* End PBXProject section */

/* Begin PBXResourcesBuildPhase section */
		228B43832DD60098006C9EB1 /* Resources */ = {
			isa = PBXResourcesBuildPhase;
			buildActionMask = 2147483647;
			files = (
				224972232DDBA22D00003E83 /* LeaguesTableViewCell.xib in Resources */,
				2249721F2DDB9F3A00003E83 /* HomeTabBarViewController.xib in Resources */,
				224972132DDB76D200003E83 /* SplashViewController.xib in Resources */,
				224972252DDBA78900003E83 /* Assets.xcassets in Resources */,
				2249721B2DDB9EA500003E83 /* FavoritesViewController.xib in Resources */,
				224972292DDBB46400003E83 /* LeaguesTableViewController.xib in Resources */,
				227F5ABA2DDDC593008ED43C /* HomeCell.xib in Resources */,
				224972172DDB9E5B00003E83 /* SportsViewController.xib in Resources */,
				227F5ABB2DDDC593008ED43C /* HomeViewController.xib in Resources */,
			);
			runOnlyForDeploymentPostprocessing = 0;
		};
		228B439C2DD6009B006C9EB1 /* Resources */ = {
			isa = PBXResourcesBuildPhase;
			buildActionMask = 2147483647;
			files = (
			);
			runOnlyForDeploymentPostprocessing = 0;
		};
		228B43A62DD6009B006C9EB1 /* Resources */ = {
			isa = PBXResourcesBuildPhase;
			buildActionMask = 2147483647;
			files = (
			);
			runOnlyForDeploymentPostprocessing = 0;
		};
/* End PBXResourcesBuildPhase section */

/* Begin PBXSourcesBuildPhase section */
		228B43812DD60098006C9EB1 /* Sources */ = {
			isa = PBXSourcesBuildPhase;
			buildActionMask = 2147483647;
			files = (
				22C7DB142DDB99C000225FAB /* Team.swift in Sources */,
				2249721A2DDB9EA500003E83 /* FavoritesViewController.swift in Sources */,
				223C51F42DDCE36500E4E7CE /* DateUtility.swift in Sources */,
				227F5AB22DDDC577008ED43C /* HomeSport.swift in Sources */,
				22C7DB042DDB979E00225FAB /* SportsApp.xcdatamodeld in Sources */,
				228B43892DD60098006C9EB1 /* AppDelegate.swift in Sources */,
				224972162DDB9E5B00003E83 /* SportsViewController.swift in Sources */,
				223C51F72DDD190E00E4E7CE /* CoreDataManager.swift in Sources */,
				224972222DDBA22D00003E83 /* LeaguesTableViewCell.swift in Sources */,
				22C7DB222DDB9AA600225FAB /* FootballFactory.swift in Sources */,
				22C7DB162DDB99EE00225FAB /* League.swift in Sources */,
				227F5ABC2DDDC593008ED43C /* HomeViewController.swift in Sources */,
				22C7DB102DDB98E000225FAB /* Fixture.swift in Sources */,
				22C7DB1E2DDB9A6B00225FAB /* BasketballFactory.swift in Sources */,
				22C7DB1A2DDB9A3500225FAB /* TennisFactory.swift in Sources */,
				227F5AB92DDDC593008ED43C /* HomeCell.swift in Sources */,
				22C7DB202DDB9A8500225FAB /* CricketFactory.swift in Sources */,
				224972122DDB76D200003E83 /* SplashViewController.swift in Sources */,
				22C7DB242DDB9ACD00225FAB /* Presenter.swift in Sources */,
				22C7DB0E2DDB988B00225FAB /* NetworkService.swift in Sources */,
				22C7DB122DDB993D00225FAB /* Player.swift in Sources */,
				22C7DB1C2DDB9A4A00225FAB /* SportFactory.swift in Sources */,
				228B438B2DD60098006C9EB1 /* SceneDelegate.swift in Sources */,
				224972282DDBB46400003E83 /* LeaguesTableViewController.swift in Sources */,
				2249721E2DDB9F3A00003E83 /* HomeTabBarViewController.swift in Sources */,
				22C7DB182DDB9A2100225FAB /* SportsEnums.swift in Sources */,
			);
			runOnlyForDeploymentPostprocessing = 0;
		};
		228B439A2DD6009B006C9EB1 /* Sources */ = {
			isa = PBXSourcesBuildPhase;
			buildActionMask = 2147483647;
			files = (
				228B43A32DD6009B006C9EB1 /* SportsAppTests.swift in Sources */,
			);
			runOnlyForDeploymentPostprocessing = 0;
		};
		228B43A42DD6009B006C9EB1 /* Sources */ = {
			isa = PBXSourcesBuildPhase;
			buildActionMask = 2147483647;
			files = (
				228B43AD2DD6009B006C9EB1 /* SportsAppUITests.swift in Sources */,
				228B43AF2DD6009B006C9EB1 /* SportsAppUITestsLaunchTests.swift in Sources */,
			);
			runOnlyForDeploymentPostprocessing = 0;
		};
/* End PBXSourcesBuildPhase section */

/* Begin PBXTargetDependency section */
		228B43A02DD6009B006C9EB1 /* PBXTargetDependency */ = {
			isa = PBXTargetDependency;
			target = 228B43842DD60098006C9EB1 /* SportsApp */;
			targetProxy = 228B439F2DD6009B006C9EB1 /* PBXContainerItemProxy */;
		};
		228B43AA2DD6009B006C9EB1 /* PBXTargetDependency */ = {
			isa = PBXTargetDependency;
			target = 228B43842DD60098006C9EB1 /* SportsApp */;
			targetProxy = 228B43A92DD6009B006C9EB1 /* PBXContainerItemProxy */;
		};
/* End PBXTargetDependency section */

/* Begin XCBuildConfiguration section */
		228B43B02DD6009B006C9EB1 /* Debug */ = {
			isa = XCBuildConfiguration;
			buildSettings = {
				ALWAYS_SEARCH_USER_PATHS = NO;
				ASSETCATALOG_COMPILER_GENERATE_SWIFT_ASSET_SYMBOL_EXTENSIONS = YES;
				CLANG_ANALYZER_NONNULL = YES;
				CLANG_ANALYZER_NUMBER_OBJECT_CONVERSION = YES_AGGRESSIVE;
				CLANG_CXX_LANGUAGE_STANDARD = "gnu++20";
				CLANG_ENABLE_MODULES = YES;
				CLANG_ENABLE_OBJC_ARC = YES;
				CLANG_ENABLE_OBJC_WEAK = YES;
				CLANG_WARN_BLOCK_CAPTURE_AUTORELEASING = YES;
				CLANG_WARN_BOOL_CONVERSION = YES;
				CLANG_WARN_COMMA = YES;
				CLANG_WARN_CONSTANT_CONVERSION = YES;
				CLANG_WARN_DEPRECATED_OBJC_IMPLEMENTATIONS = YES;
				CLANG_WARN_DIRECT_OBJC_ISA_USAGE = YES_ERROR;
				CLANG_WARN_DOCUMENTATION_COMMENTS = YES;
				CLANG_WARN_EMPTY_BODY = YES;
				CLANG_WARN_ENUM_CONVERSION = YES;
				CLANG_WARN_INFINITE_RECURSION = YES;
				CLANG_WARN_INT_CONVERSION = YES;
				CLANG_WARN_NON_LITERAL_NULL_CONVERSION = YES;
				CLANG_WARN_OBJC_IMPLICIT_RETAIN_SELF = YES;
				CLANG_WARN_OBJC_LITERAL_CONVERSION = YES;
				CLANG_WARN_OBJC_ROOT_CLASS = YES_ERROR;
				CLANG_WARN_QUOTED_INCLUDE_IN_FRAMEWORK_HEADER = YES;
				CLANG_WARN_RANGE_LOOP_ANALYSIS = YES;
				CLANG_WARN_STRICT_PROTOTYPES = YES;
				CLANG_WARN_SUSPICIOUS_MOVE = YES;
				CLANG_WARN_UNGUARDED_AVAILABILITY = YES_AGGRESSIVE;
				CLANG_WARN_UNREACHABLE_CODE = YES;
				CLANG_WARN__DUPLICATE_METHOD_MATCH = YES;
				COPY_PHASE_STRIP = NO;
				DEBUG_INFORMATION_FORMAT = dwarf;
				ENABLE_STRICT_OBJC_MSGSEND = YES;
				ENABLE_TESTABILITY = YES;
				ENABLE_USER_SCRIPT_SANDBOXING = YES;
				GCC_C_LANGUAGE_STANDARD = gnu17;
				GCC_DYNAMIC_NO_PIC = NO;
				GCC_NO_COMMON_BLOCKS = YES;
				GCC_OPTIMIZATION_LEVEL = 0;
				GCC_PREPROCESSOR_DEFINITIONS = (
					"DEBUG=1",
					"$(inherited)",
				);
				GCC_WARN_64_TO_32_BIT_CONVERSION = YES;
				GCC_WARN_ABOUT_RETURN_TYPE = YES_ERROR;
				GCC_WARN_UNDECLARED_SELECTOR = YES;
				GCC_WARN_UNINITIALIZED_AUTOS = YES_AGGRESSIVE;
				GCC_WARN_UNUSED_FUNCTION = YES;
				GCC_WARN_UNUSED_VARIABLE = YES;
				IPHONEOS_DEPLOYMENT_TARGET = 17.0;
				LOCALIZATION_PREFERS_STRING_CATALOGS = YES;
				MTL_ENABLE_DEBUG_INFO = INCLUDE_SOURCE;
				MTL_FAST_MATH = YES;
				ONLY_ACTIVE_ARCH = YES;
				SDKROOT = iphoneos;
				SWIFT_ACTIVE_COMPILATION_CONDITIONS = "DEBUG $(inherited)";
				SWIFT_OPTIMIZATION_LEVEL = "-Onone";
			};
			name = Debug;
		};
		228B43B12DD6009B006C9EB1 /* Release */ = {
			isa = XCBuildConfiguration;
			buildSettings = {
				ALWAYS_SEARCH_USER_PATHS = NO;
				ASSETCATALOG_COMPILER_GENERATE_SWIFT_ASSET_SYMBOL_EXTENSIONS = YES;
				CLANG_ANALYZER_NONNULL = YES;
				CLANG_ANALYZER_NUMBER_OBJECT_CONVERSION = YES_AGGRESSIVE;
				CLANG_CXX_LANGUAGE_STANDARD = "gnu++20";
				CLANG_ENABLE_MODULES = YES;
				CLANG_ENABLE_OBJC_ARC = YES;
				CLANG_ENABLE_OBJC_WEAK = YES;
				CLANG_WARN_BLOCK_CAPTURE_AUTORELEASING = YES;
				CLANG_WARN_BOOL_CONVERSION = YES;
				CLANG_WARN_COMMA = YES;
				CLANG_WARN_CONSTANT_CONVERSION = YES;
				CLANG_WARN_DEPRECATED_OBJC_IMPLEMENTATIONS = YES;
				CLANG_WARN_DIRECT_OBJC_ISA_USAGE = YES_ERROR;
				CLANG_WARN_DOCUMENTATION_COMMENTS = YES;
				CLANG_WARN_EMPTY_BODY = YES;
				CLANG_WARN_ENUM_CONVERSION = YES;
				CLANG_WARN_INFINITE_RECURSION = YES;
				CLANG_WARN_INT_CONVERSION = YES;
				CLANG_WARN_NON_LITERAL_NULL_CONVERSION = YES;
				CLANG_WARN_OBJC_IMPLICIT_RETAIN_SELF = YES;
				CLANG_WARN_OBJC_LITERAL_CONVERSION = YES;
				CLANG_WARN_OBJC_ROOT_CLASS = YES_ERROR;
				CLANG_WARN_QUOTED_INCLUDE_IN_FRAMEWORK_HEADER = YES;
				CLANG_WARN_RANGE_LOOP_ANALYSIS = YES;
				CLANG_WARN_STRICT_PROTOTYPES = YES;
				CLANG_WARN_SUSPICIOUS_MOVE = YES;
				CLANG_WARN_UNGUARDED_AVAILABILITY = YES_AGGRESSIVE;
				CLANG_WARN_UNREACHABLE_CODE = YES;
				CLANG_WARN__DUPLICATE_METHOD_MATCH = YES;
				COPY_PHASE_STRIP = NO;
				DEBUG_INFORMATION_FORMAT = "dwarf-with-dsym";
				ENABLE_NS_ASSERTIONS = NO;
				ENABLE_STRICT_OBJC_MSGSEND = YES;
				ENABLE_USER_SCRIPT_SANDBOXING = YES;
				GCC_C_LANGUAGE_STANDARD = gnu17;
				GCC_NO_COMMON_BLOCKS = YES;
				GCC_WARN_64_TO_32_BIT_CONVERSION = YES;
				GCC_WARN_ABOUT_RETURN_TYPE = YES_ERROR;
				GCC_WARN_UNDECLARED_SELECTOR = YES;
				GCC_WARN_UNINITIALIZED_AUTOS = YES_AGGRESSIVE;
				GCC_WARN_UNUSED_FUNCTION = YES;
				GCC_WARN_UNUSED_VARIABLE = YES;
				IPHONEOS_DEPLOYMENT_TARGET = 17.0;
				LOCALIZATION_PREFERS_STRING_CATALOGS = YES;
				MTL_ENABLE_DEBUG_INFO = NO;
				MTL_FAST_MATH = YES;
				SDKROOT = iphoneos;
				SWIFT_COMPILATION_MODE = wholemodule;
				VALIDATE_PRODUCT = YES;
			};
			name = Release;
		};
		228B43B32DD6009B006C9EB1 /* Debug */ = {
			isa = XCBuildConfiguration;
			buildSettings = {
				ASSETCATALOG_COMPILER_APPICON_NAME = AppIcon;
				ASSETCATALOG_COMPILER_GLOBAL_ACCENT_COLOR_NAME = AccentColor;
				CODE_SIGN_STYLE = Automatic;
				CURRENT_PROJECT_VERSION = 1;
				GENERATE_INFOPLIST_FILE = YES;
				INFOPLIST_FILE = SportsApp/Info.plist;
				INFOPLIST_KEY_UIApplicationSupportsIndirectInputEvents = YES;
				INFOPLIST_KEY_UILaunchStoryboardName = LaunchScreen;
				INFOPLIST_KEY_UIMainStoryboardFile = "";
				INFOPLIST_KEY_UIStatusBarStyle = "";
				INFOPLIST_KEY_UISupportedInterfaceOrientations_iPad = "UIInterfaceOrientationPortrait UIInterfaceOrientationPortraitUpsideDown UIInterfaceOrientationLandscapeLeft UIInterfaceOrientationLandscapeRight";
				INFOPLIST_KEY_UISupportedInterfaceOrientations_iPhone = "UIInterfaceOrientationPortrait UIInterfaceOrientationLandscapeLeft UIInterfaceOrientationLandscapeRight";
				IPHONEOS_DEPLOYMENT_TARGET = 15.0;
				LD_RUNPATH_SEARCH_PATHS = (
					"$(inherited)",
					"@executable_path/Frameworks",
				);
				MARKETING_VERSION = 1.0;
				PRODUCT_BUNDLE_IDENTIFIER = iti.SportsApp;
				PRODUCT_NAME = "$(TARGET_NAME)";
				SWIFT_EMIT_LOC_STRINGS = YES;
				SWIFT_VERSION = 5.0;
				TARGETED_DEVICE_FAMILY = "1,2";
			};
			name = Debug;
		};
		228B43B42DD6009B006C9EB1 /* Release */ = {
			isa = XCBuildConfiguration;
			buildSettings = {
				ASSETCATALOG_COMPILER_APPICON_NAME = AppIcon;
				ASSETCATALOG_COMPILER_GLOBAL_ACCENT_COLOR_NAME = AccentColor;
				CODE_SIGN_STYLE = Automatic;
				CURRENT_PROJECT_VERSION = 1;
				GENERATE_INFOPLIST_FILE = YES;
				INFOPLIST_FILE = SportsApp/Info.plist;
				INFOPLIST_KEY_UIApplicationSupportsIndirectInputEvents = YES;
				INFOPLIST_KEY_UILaunchStoryboardName = LaunchScreen;
				INFOPLIST_KEY_UIMainStoryboardFile = "";
				INFOPLIST_KEY_UIStatusBarStyle = "";
				INFOPLIST_KEY_UISupportedInterfaceOrientations_iPad = "UIInterfaceOrientationPortrait UIInterfaceOrientationPortraitUpsideDown UIInterfaceOrientationLandscapeLeft UIInterfaceOrientationLandscapeRight";
				INFOPLIST_KEY_UISupportedInterfaceOrientations_iPhone = "UIInterfaceOrientationPortrait UIInterfaceOrientationLandscapeLeft UIInterfaceOrientationLandscapeRight";
				IPHONEOS_DEPLOYMENT_TARGET = 15.0;
				LD_RUNPATH_SEARCH_PATHS = (
					"$(inherited)",
					"@executable_path/Frameworks",
				);
				MARKETING_VERSION = 1.0;
				PRODUCT_BUNDLE_IDENTIFIER = iti.SportsApp;
				PRODUCT_NAME = "$(TARGET_NAME)";
				SWIFT_EMIT_LOC_STRINGS = YES;
				SWIFT_VERSION = 5.0;
				TARGETED_DEVICE_FAMILY = "1,2";
			};
			name = Release;
		};
		228B43B62DD6009B006C9EB1 /* Debug */ = {
			isa = XCBuildConfiguration;
			buildSettings = {
				ALWAYS_EMBED_SWIFT_STANDARD_LIBRARIES = YES;
				BUNDLE_LOADER = "$(TEST_HOST)";
				CODE_SIGN_STYLE = Automatic;
				CURRENT_PROJECT_VERSION = 1;
				GENERATE_INFOPLIST_FILE = YES;
				IPHONEOS_DEPLOYMENT_TARGET = 17.0;
				MARKETING_VERSION = 1.0;
				PRODUCT_BUNDLE_IDENTIFIER = iti.SportsAppTests;
				PRODUCT_NAME = "$(TARGET_NAME)";
				SWIFT_EMIT_LOC_STRINGS = NO;
				SWIFT_VERSION = 5.0;
				TARGETED_DEVICE_FAMILY = "1,2";
				TEST_HOST = "$(BUILT_PRODUCTS_DIR)/SportsApp.app/$(BUNDLE_EXECUTABLE_FOLDER_PATH)/SportsApp";
			};
			name = Debug;
		};
		228B43B72DD6009B006C9EB1 /* Release */ = {
			isa = XCBuildConfiguration;
			buildSettings = {
				ALWAYS_EMBED_SWIFT_STANDARD_LIBRARIES = YES;
				BUNDLE_LOADER = "$(TEST_HOST)";
				CODE_SIGN_STYLE = Automatic;
				CURRENT_PROJECT_VERSION = 1;
				GENERATE_INFOPLIST_FILE = YES;
				IPHONEOS_DEPLOYMENT_TARGET = 17.0;
				MARKETING_VERSION = 1.0;
				PRODUCT_BUNDLE_IDENTIFIER = iti.SportsAppTests;
				PRODUCT_NAME = "$(TARGET_NAME)";
				SWIFT_EMIT_LOC_STRINGS = NO;
				SWIFT_VERSION = 5.0;
				TARGETED_DEVICE_FAMILY = "1,2";
				TEST_HOST = "$(BUILT_PRODUCTS_DIR)/SportsApp.app/$(BUNDLE_EXECUTABLE_FOLDER_PATH)/SportsApp";
			};
			name = Release;
		};
		228B43B92DD6009B006C9EB1 /* Debug */ = {
			isa = XCBuildConfiguration;
			buildSettings = {
				ALWAYS_EMBED_SWIFT_STANDARD_LIBRARIES = YES;
				CODE_SIGN_STYLE = Automatic;
				CURRENT_PROJECT_VERSION = 1;
				GENERATE_INFOPLIST_FILE = YES;
				MARKETING_VERSION = 1.0;
				PRODUCT_BUNDLE_IDENTIFIER = iti.SportsAppUITests;
				PRODUCT_NAME = "$(TARGET_NAME)";
				SWIFT_EMIT_LOC_STRINGS = NO;
				SWIFT_VERSION = 5.0;
				TARGETED_DEVICE_FAMILY = "1,2";
				TEST_TARGET_NAME = SportsApp;
			};
			name = Debug;
		};
		228B43BA2DD6009B006C9EB1 /* Release */ = {
			isa = XCBuildConfiguration;
			buildSettings = {
				ALWAYS_EMBED_SWIFT_STANDARD_LIBRARIES = YES;
				CODE_SIGN_STYLE = Automatic;
				CURRENT_PROJECT_VERSION = 1;
				GENERATE_INFOPLIST_FILE = YES;
				MARKETING_VERSION = 1.0;
				PRODUCT_BUNDLE_IDENTIFIER = iti.SportsAppUITests;
				PRODUCT_NAME = "$(TARGET_NAME)";
				SWIFT_EMIT_LOC_STRINGS = NO;
				SWIFT_VERSION = 5.0;
				TARGETED_DEVICE_FAMILY = "1,2";
				TEST_TARGET_NAME = SportsApp;
			};
			name = Release;
		};
/* End XCBuildConfiguration section */

/* Begin XCConfigurationList section */
		228B43802DD60098006C9EB1 /* Build configuration list for PBXProject "SportsApp" */ = {
			isa = XCConfigurationList;
			buildConfigurations = (
				228B43B02DD6009B006C9EB1 /* Debug */,
				228B43B12DD6009B006C9EB1 /* Release */,
			);
			defaultConfigurationIsVisible = 0;
			defaultConfigurationName = Release;
		};
		228B43B22DD6009B006C9EB1 /* Build configuration list for PBXNativeTarget "SportsApp" */ = {
			isa = XCConfigurationList;
			buildConfigurations = (
				228B43B32DD6009B006C9EB1 /* Debug */,
				228B43B42DD6009B006C9EB1 /* Release */,
			);
			defaultConfigurationIsVisible = 0;
			defaultConfigurationName = Release;
		};
		228B43B52DD6009B006C9EB1 /* Build configuration list for PBXNativeTarget "SportsAppTests" */ = {
			isa = XCConfigurationList;
			buildConfigurations = (
				228B43B62DD6009B006C9EB1 /* Debug */,
				228B43B72DD6009B006C9EB1 /* Release */,
			);
			defaultConfigurationIsVisible = 0;
			defaultConfigurationName = Release;
		};
		228B43B82DD6009B006C9EB1 /* Build configuration list for PBXNativeTarget "SportsAppUITests" */ = {
			isa = XCConfigurationList;
			buildConfigurations = (
				228B43B92DD6009B006C9EB1 /* Debug */,
				228B43BA2DD6009B006C9EB1 /* Release */,
			);
			defaultConfigurationIsVisible = 0;
			defaultConfigurationName = Release;
		};
/* End XCConfigurationList section */

/* Begin XCRemoteSwiftPackageReference section */
		22C7DAF32DDB966300225FAB /* XCRemoteSwiftPackageReference "Alamofire" */ = {
			isa = XCRemoteSwiftPackageReference;
			repositoryURL = "https://github.com/Alamofire/Alamofire";
			requirement = {
				kind = upToNextMajorVersion;
				minimumVersion = 5.10.2;
			};
		};
		22C7DAF82DDB967200225FAB /* XCRemoteSwiftPackageReference "SDWebImage" */ = {
			isa = XCRemoteSwiftPackageReference;
			repositoryURL = "https://github.com/SDWebImage/SDWebImage";
			requirement = {
				kind = upToNextMajorVersion;
				minimumVersion = 5.21.0;
			};
		};
/* End XCRemoteSwiftPackageReference section */

/* Begin XCSwiftPackageProductDependency section */
		22C7DAF42DDB966300225FAB /* Alamofire */ = {
			isa = XCSwiftPackageProductDependency;
			package = 22C7DAF32DDB966300225FAB /* XCRemoteSwiftPackageReference "Alamofire" */;
			productName = Alamofire;
		};
		22C7DAF62DDB966300225FAB /* AlamofireDynamic */ = {
			isa = XCSwiftPackageProductDependency;
			package = 22C7DAF32DDB966300225FAB /* XCRemoteSwiftPackageReference "Alamofire" */;
			productName = AlamofireDynamic;
		};
		22C7DAF92DDB967200225FAB /* SDWebImage */ = {
			isa = XCSwiftPackageProductDependency;
			package = 22C7DAF82DDB967200225FAB /* XCRemoteSwiftPackageReference "SDWebImage" */;
			productName = SDWebImage;
		};
/* End XCSwiftPackageProductDependency section */

/* Begin XCVersionGroup section */
		22C7DAFF2DDB979E00225FAB /* SportsApp.xcdatamodeld */ = {
			isa = XCVersionGroup;
			children = (
				22C7DB002DDB979E00225FAB /* SportsApp.xcdatamodel */,
			);
			currentVersion = 22C7DB002DDB979E00225FAB /* SportsApp.xcdatamodel */;
			path = SportsApp.xcdatamodeld;
			sourceTree = "<group>";
			versionGroupType = wrapper.xcdatamodel;
		};
/* End XCVersionGroup section */
	};
	rootObject = 228B437D2DD60098006C9EB1 /* Project object */;
}
