// !$*UTF8*$!
{
	archiveVersion = 1;
	classes = {
	};
	objectVersion = 56;
	objects = {

/* Begin PBXBuildFile section */
		224972122DDB76D200003E83 /* SplashViewController.swift in Sources */ = {isa = PBXBuildFile; fileRef = 224972102DDB76D200003E83 /* SplashViewController.swift */; };
		224972132DDB76D200003E83 /* SplashViewController.xib in Resources */ = {isa = PBXBuildFile; fileRef = 224972112DDB76D200003E83 /* SplashViewController.xib */; };
		228124442DDB7F99005A16CF /* FootballFactory.swift in Sources */ = {isa = PBXBuildFile; fileRef = 2281243D2DDB7F99005A16CF /* FootballFactory.swift */; };
		228124452DDB7F99005A16CF /* CricketFactory.swift in Sources */ = {isa = PBXBuildFile; fileRef = 2281243E2DDB7F99005A16CF /* CricketFactory.swift */; };
		228124462DDB7F99005A16CF /* TennisFactory.swift in Sources */ = {isa = PBXBuildFile; fileRef = 2281243F2DDB7F99005A16CF /* TennisFactory.swift */; };
		228124472DDB7F99005A16CF /* NetworkService.swift in Sources */ = {isa = PBXBuildFile; fileRef = 228124402DDB7F99005A16CF /* NetworkService.swift */; };
		228124482DDB7F99005A16CF /* SportsEnums.swift in Sources */ = {isa = PBXBuildFile; fileRef = 228124412DDB7F99005A16CF /* SportsEnums.swift */; };
		228124492DDB7F99005A16CF /* BasketballFactory.swift in Sources */ = {isa = PBXBuildFile; fileRef = 228124422DDB7F99005A16CF /* BasketballFactory.swift */; };
		2281244A2DDB7F99005A16CF /* SportFactory.swift in Sources */ = {isa = PBXBuildFile; fileRef = 228124432DDB7F99005A16CF /* SportFactory.swift */; };
		2281244D2DDB7FB3005A16CF /* Models in Resources */ = {isa = PBXBuildFile; fileRef = 2281244B2DDB7FB3005A16CF /* Models */; };
		2281244E2DDB7FB3005A16CF /* Presenter.swift in Sources */ = {isa = PBXBuildFile; fileRef = 2281244C2DDB7FB3005A16CF /* Presenter.swift */; };
		228124502DDB7FC6005A16CF /* .gitignore in Resources */ = {isa = PBXBuildFile; fileRef = 2281244F2DDB7FC6005A16CF /* .gitignore */; };
		2281F5272DDA9343000BF19E /* LeaguesTableViewController.swift in Sources */ = {isa = PBXBuildFile; fileRef = 2281F5252DDA9342000BF19E /* LeaguesTableViewController.swift */; };
		2281F52C2DDA9473000BF19E /* LeaguesTable.swift in Sources */ = {isa = PBXBuildFile; fileRef = 2281F52B2DDA9473000BF19E /* LeaguesTable.swift */; };
		2281F52E2DDA976A000BF19E /* LeaguesTable.xib in Resources */ = {isa = PBXBuildFile; fileRef = 2281F52D2DDA976A000BF19E /* LeaguesTable.xib */; };
		228B43892DD60098006C9EB1 /* AppDelegate.swift in Sources */ = {isa = PBXBuildFile; fileRef = 228B43882DD60098006C9EB1 /* AppDelegate.swift */; };
		228B438B2DD60098006C9EB1 /* SceneDelegate.swift in Sources */ = {isa = PBXBuildFile; fileRef = 228B438A2DD60098006C9EB1 /* SceneDelegate.swift */; };
		228B438D2DD60098006C9EB1 /* ViewController.swift in Sources */ = {isa = PBXBuildFile; fileRef = 228B438C2DD60098006C9EB1 /* ViewController.swift */; };
		228B43932DD60098006C9EB1 /* SportsApp.xcdatamodeld in Sources */ = {isa = PBXBuildFile; fileRef = 228B43912DD60098006C9EB1 /* SportsApp.xcdatamodeld */; };
		228B43952DD6009A006C9EB1 /* Assets.xcassets in Resources */ = {isa = PBXBuildFile; fileRef = 228B43942DD6009A006C9EB1 /* Assets.xcassets */; };
		228B43A32DD6009B006C9EB1 /* SportsAppTests.swift in Sources */ = {isa = PBXBuildFile; fileRef = 228B43A22DD6009B006C9EB1 /* SportsAppTests.swift */; };
		228B43AD2DD6009B006C9EB1 /* SportsAppUITests.swift in Sources */ = {isa = PBXBuildFile; fileRef = 228B43AC2DD6009B006C9EB1 /* SportsAppUITests.swift */; };
		228B43AF2DD6009B006C9EB1 /* SportsAppUITestsLaunchTests.swift in Sources */ = {isa = PBXBuildFile; fileRef = 228B43AE2DD6009B006C9EB1 /* SportsAppUITestsLaunchTests.swift */; };
/* End PBXBuildFile section */

/* Begin PBXContainerItemProxy section */
		228B439F2DD6009B006C9EB1 /* PBXContainerItemProxy */ = {
			isa = PBXContainerItemProxy;
			containerPortal = 228B437D2DD60098006C9EB1 /* Project object */;
			proxyType = 1;
			remoteGlobalIDString = 228B43842DD60098006C9EB1;
			remoteInfo = SportsApp;
		};
		228B43A92DD6009B006C9EB1 /* PBXContainerItemProxy */ = {
			isa = PBXContainerItemProxy;
			containerPortal = 228B437D2DD60098006C9EB1 /* Project object */;
			proxyType = 1;
			remoteGlobalIDString = 228B43842DD60098006C9EB1;
			remoteInfo = SportsApp;
		};
/* End PBXContainerItemProxy section */

/* Begin PBXFileReference section */
		224972102DDB76D200003E83 /* SplashViewController.swift */ = {isa = PBXFileReference; lastKnownFileType = sourcecode.swift; path = SplashViewController.swift; sourceTree = "<group>"; };
		224972112DDB76D200003E83 /* SplashViewController.xib */ = {isa = PBXFileReference; lastKnownFileType = file.xib; path = SplashViewController.xib; sourceTree = "<group>"; };
		2281243D2DDB7F99005A16CF /* FootballFactory.swift */ = {isa = PBXFileReference; fileEncoding = 4; lastKnownFileType = sourcecode.swift; name = FootballFactory.swift; path = "../../../Downloads/Sports-App-factory/SportsApp/FootballFactory.swift"; sourceTree = "<group>"; };
		2281243E2DDB7F99005A16CF /* CricketFactory.swift */ = {isa = PBXFileReference; fileEncoding = 4; lastKnownFileType = sourcecode.swift; name = CricketFactory.swift; path = "../../../Downloads/Sports-App-factory/SportsApp/CricketFactory.swift"; sourceTree = "<group>"; };
		2281243F2DDB7F99005A16CF /* TennisFactory.swift */ = {isa = PBXFileReference; fileEncoding = 4; lastKnownFileType = sourcecode.swift; name = TennisFactory.swift; path = "../../../Downloads/Sports-App-factory/SportsApp/TennisFactory.swift"; sourceTree = "<group>"; };
		228124402DDB7F99005A16CF /* NetworkService.swift */ = {isa = PBXFileReference; fileEncoding = 4; lastKnownFileType = sourcecode.swift; name = NetworkService.swift; path = "../../../Downloads/Sports-App-factory/SportsApp/NetworkService.swift"; sourceTree = "<group>"; };
		228124412DDB7F99005A16CF /* SportsEnums.swift */ = {isa = PBXFileReference; fileEncoding = 4; lastKnownFileType = sourcecode.swift; name = SportsEnums.swift; path = "../../../Downloads/Sports-App-factory/SportsApp/SportsEnums.swift"; sourceTree = "<group>"; };
		228124422DDB7F99005A16CF /* BasketballFactory.swift */ = {isa = PBXFileReference; fileEncoding = 4; lastKnownFileType = sourcecode.swift; name = BasketballFactory.swift; path = "../../../Downloads/Sports-App-factory/SportsApp/BasketballFactory.swift"; sourceTree = "<group>"; };
		228124432DDB7F99005A16CF /* SportFactory.swift */ = {isa = PBXFileReference; fileEncoding = 4; lastKnownFileType = sourcecode.swift; name = SportFactory.swift; path = "../../../Downloads/Sports-App-factory/SportsApp/SportFactory.swift"; sourceTree = "<group>"; };
		2281244B2DDB7FB3005A16CF /* Models */ = {isa = PBXFileReference; lastKnownFileType = folder; name = Models; path = "../../../Downloads/Sports-App-factory/SportsApp/Models"; sourceTree = "<group>"; };
		2281244C2DDB7FB3005A16CF /* Presenter.swift */ = {isa = PBXFileReference; fileEncoding = 4; lastKnownFileType = sourcecode.swift; name = Presenter.swift; path = "../../../Downloads/Sports-App-factory/SportsApp/Presenter.swift"; sourceTree = "<group>"; };
		2281244F2DDB7FC6005A16CF /* .gitignore */ = {isa = PBXFileReference; fileEncoding = 4; lastKnownFileType = text; name = .gitignore; path = "../../../Downloads/Sports-App-factory/.gitignore"; sourceTree = "<group>"; };
		228124512DDB7FC9005A16CF /* .gitignore */ = {isa = PBXFileReference; lastKnownFileType = text; path = .gitignore; sourceTree = "<group>"; };
		2281F5252DDA9342000BF19E /* LeaguesTableViewController.swift */ = {isa = PBXFileReference; lastKnownFileType = sourcecode.swift; path = LeaguesTableViewController.swift; sourceTree = "<group>"; };
		2281F52B2DDA9473000BF19E /* LeaguesTable.swift */ = {isa = PBXFileReference; lastKnownFileType = sourcecode.swift; path = LeaguesTable.swift; sourceTree = "<group>"; };
		2281F52D2DDA976A000BF19E /* LeaguesTable.xib */ = {isa = PBXFileReference; lastKnownFileType = file.xib; path = LeaguesTable.xib; sourceTree = "<group>"; };
		228B43852DD60098006C9EB1 /* SportsApp.app */ = {isa = PBXFileReference; explicitFileType = wrapper.application; includeInIndex = 0; path = SportsApp.app; sourceTree = BUILT_PRODUCTS_DIR; };
		228B43882DD60098006C9EB1 /* AppDelegate.swift */ = {isa = PBXFileReference; lastKnownFileType = sourcecode.swift; path = AppDelegate.swift; sourceTree = "<group>"; };
		228B438A2DD60098006C9EB1 /* SceneDelegate.swift */ = {isa = PBXFileReference; lastKnownFileType = sourcecode.swift; path = SceneDelegate.swift; sourceTree = "<group>"; };
		228B438C2DD60098006C9EB1 /* ViewController.swift */ = {isa = PBXFileReference; lastKnownFileType = sourcecode.swift; path = ViewController.swift; sourceTree = "<group>"; };
		228B43922DD60098006C9EB1 /* SportsApp.xcdatamodel */ = {isa = PBXFileReference; lastKnownFileType = wrapper.xcdatamodel; path = SportsApp.xcdatamodel; sourceTree = "<group>"; };
		228B43942DD6009A006C9EB1 /* Assets.xcassets */ = {isa = PBXFileReference; lastKnownFileType = folder.assetcatalog; path = Assets.xcassets; sourceTree = "<group>"; };
		228B43992DD6009A006C9EB1 /* Info.plist */ = {isa = PBXFileReference; lastKnownFileType = text.plist.xml; path = Info.plist; sourceTree = "<group>"; };
		228B439E2DD6009B006C9EB1 /* SportsAppTests.xctest */ = {isa = PBXFileReference; explicitFileType = wrapper.cfbundle; includeInIndex = 0; path = SportsAppTests.xctest; sourceTree = BUILT_PRODUCTS_DIR; };
		228B43A22DD6009B006C9EB1 /* SportsAppTests.swift */ = {isa = PBXFileReference; lastKnownFileType = sourcecode.swift; path = SportsAppTests.swift; sourceTree = "<group>"; };
		228B43A82DD6009B006C9EB1 /* SportsAppUITests.xctest */ = {isa = PBXFileReference; explicitFileType = wrapper.cfbundle; includeInIndex = 0; path = SportsAppUITests.xctest; sourceTree = BUILT_PRODUCTS_DIR; };
		228B43AC2DD6009B006C9EB1 /* SportsAppUITests.swift */ = {isa = PBXFileReference; lastKnownFileType = sourcecode.swift; path = SportsAppUITests.swift; sourceTree = "<group>"; };
		228B43AE2DD6009B006C9EB1 /* SportsAppUITestsLaunchTests.swift */ = {isa = PBXFileReference; lastKnownFileType = sourcecode.swift; path = SportsAppUITestsLaunchTests.swift; sourceTree = "<group>"; };
/* End PBXFileReference section */

/* Begin PBXFrameworksBuildPhase section */
		228B43822DD60098006C9EB1 /* Frameworks */ = {
			isa = PBXFrameworksBuildPhase;
			buildActionMask = 2147483647;
			files = (
			);
			runOnlyForDeploymentPostprocessing = 0;
		};
		228B439B2DD6009B006C9EB1 /* Frameworks */ = {
			isa = PBXFrameworksBuildPhase;
			buildActionMask = 2147483647;
			files = (
			);
			runOnlyForDeploymentPostprocessing = 0;
		};
		228B43A52DD6009B006C9EB1 /* Frameworks */ = {
			isa = PBXFrameworksBuildPhase;
			buildActionMask = 2147483647;
			files = (
			);
			runOnlyForDeploymentPostprocessing = 0;
		};
/* End PBXFrameworksBuildPhase section */

/* Begin PBXGroup section */
		228B437C2DD60098006C9EB1 = {
			isa = PBXGroup;
			children = (
				228124512DDB7FC9005A16CF /* .gitignore */,
				228B43872DD60098006C9EB1 /* SportsApp */,
				228B43A12DD6009B006C9EB1 /* SportsAppTests */,
				228B43AB2DD6009B006C9EB1 /* SportsAppUITests */,
				228B43862DD60098006C9EB1 /* Products */,
			);
			sourceTree = "<group>";
		};
		228B43862DD60098006C9EB1 /* Products */ = {
			isa = PBXGroup;
			children = (
				228B43852DD60098006C9EB1 /* SportsApp.app */,
				228B439E2DD6009B006C9EB1 /* SportsAppTests.xctest */,
				228B43A82DD6009B006C9EB1 /* SportsAppUITests.xctest */,
			);
			name = Products;
			sourceTree = "<group>";
		};
		228B43872DD60098006C9EB1 /* SportsApp */ = {
			isa = PBXGroup;
			children = (
				2281244F2DDB7FC6005A16CF /* .gitignore */,
				2281244B2DDB7FB3005A16CF /* Models */,
				2281244C2DDB7FB3005A16CF /* Presenter.swift */,
				228124422DDB7F99005A16CF /* BasketballFactory.swift */,
				2281243E2DDB7F99005A16CF /* CricketFactory.swift */,
				2281243D2DDB7F99005A16CF /* FootballFactory.swift */,
				228124402DDB7F99005A16CF /* NetworkService.swift */,
				228124432DDB7F99005A16CF /* SportFactory.swift */,
				228124412DDB7F99005A16CF /* SportsEnums.swift */,
				2281243F2DDB7F99005A16CF /* TennisFactory.swift */,
				228B43882DD60098006C9EB1 /* AppDelegate.swift */,
				228B438A2DD60098006C9EB1 /* SceneDelegate.swift */,
				228B438C2DD60098006C9EB1 /* ViewController.swift */,
				228B43942DD6009A006C9EB1 /* Assets.xcassets */,
				228B43992DD6009A006C9EB1 /* Info.plist */,
				228B43912DD60098006C9EB1 /* SportsApp.xcdatamodeld */,
				2281F5252DDA9342000BF19E /* LeaguesTableViewController.swift */,
				2281F52B2DDA9473000BF19E /* LeaguesTable.swift */,
				2281F52D2DDA976A000BF19E /* LeaguesTable.xib */,
				224972102DDB76D200003E83 /* SplashViewController.swift */,
				224972112DDB76D200003E83 /* SplashViewController.xib */,
			);
			path = SportsApp;
			sourceTree = "<group>";
		};
		228B43A12DD6009B006C9EB1 /* SportsAppTests */ = {
			isa = PBXGroup;
			children = (
				228B43A22DD6009B006C9EB1 /* SportsAppTests.swift */,
			);
			path = SportsAppTests;
			sourceTree = "<group>";
		};
		228B43AB2DD6009B006C9EB1 /* SportsAppUITests */ = {
			isa = PBXGroup;
			children = (
				228B43AC2DD6009B006C9EB1 /* SportsAppUITests.swift */,
				228B43AE2DD6009B006C9EB1 /* SportsAppUITestsLaunchTests.swift */,
			);
			path = SportsAppUITests;
			sourceTree = "<group>";
		};
/* End PBXGroup section */

/* Begin PBXNativeTarget section */
		228B43842DD60098006C9EB1 /* SportsApp */ = {
			isa = PBXNativeTarget;
			buildConfigurationList = 228B43B22DD6009B006C9EB1 /* Build configuration list for PBXNativeTarget "SportsApp" */;
			buildPhases = (
				228B43812DD60098006C9EB1 /* Sources */,
				228B43822DD60098006C9EB1 /* Frameworks */,
				228B43832DD60098006C9EB1 /* Resources */,
			);
			buildRules = (
			);
			dependencies = (
			);
			name = SportsApp;
			productName = SportsApp;
			productReference = 228B43852DD60098006C9EB1 /* SportsApp.app */;
			productType = "com.apple.product-type.application";
		};
		228B439D2DD6009B006C9EB1 /* SportsAppTests */ = {
			isa = PBXNativeTarget;
			buildConfigurationList = 228B43B52DD6009B006C9EB1 /* Build configuration list for PBXNativeTarget "SportsAppTests" */;
			buildPhases = (
				228B439A2DD6009B006C9EB1 /* Sources */,
				228B439B2DD6009B006C9EB1 /* Frameworks */,
				228B439C2DD6009B006C9EB1 /* Resources */,
			);
			buildRules = (
			);
			dependencies = (
				228B43A02DD6009B006C9EB1 /* PBXTargetDependency */,
			);
			name = SportsAppTests;
			productName = SportsAppTests;
			productReference = 228B439E2DD6009B006C9EB1 /* SportsAppTests.xctest */;
			productType = "com.apple.product-type.bundle.unit-test";
		};
		228B43A72DD6009B006C9EB1 /* SportsAppUITests */ = {
			isa = PBXNativeTarget;
			buildConfigurationList = 228B43B82DD6009B006C9EB1 /* Build configuration list for PBXNativeTarget "SportsAppUITests" */;
			buildPhases = (
				228B43A42DD6009B006C9EB1 /* Sources */,
				228B43A52DD6009B006C9EB1 /* Frameworks */,
				228B43A62DD6009B006C9EB1 /* Resources */,
			);
			buildRules = (
			);
			dependencies = (
				228B43AA2DD6009B006C9EB1 /* PBXTargetDependency */,
			);
			name = SportsAppUITests;
			productName = SportsAppUITests;
			productReference = 228B43A82DD6009B006C9EB1 /* SportsAppUITests.xctest */;
			productType = "com.apple.product-type.bundle.ui-testing";
		};
/* End PBXNativeTarget section */

/* Begin PBXProject section */
		228B437D2DD60098006C9EB1 /* Project object */ = {
			isa = PBXProject;
			attributes = {
				BuildIndependentTargetsInParallel = 1;
				LastSwiftUpdateCheck = 1500;
				LastUpgradeCheck = 1500;
				TargetAttributes = {
					228B43842DD60098006C9EB1 = {
						CreatedOnToolsVersion = 15.0;
					};
					228B439D2DD6009B006C9EB1 = {
						CreatedOnToolsVersion = 15.0;
						TestTargetID = 228B43842DD60098006C9EB1;
					};
					228B43A72DD6009B006C9EB1 = {
						CreatedOnToolsVersion = 15.0;
						TestTargetID = 228B43842DD60098006C9EB1;
					};
				};
			};
			buildConfigurationList = 228B43802DD60098006C9EB1 /* Build configuration list for PBXProject "SportsApp" */;
			compatibilityVersion = "Xcode 14.0";
			developmentRegion = en;
			hasScannedForEncodings = 0;
			knownRegions = (
				en,
				Base,
			);
			mainGroup = 228B437C2DD60098006C9EB1;
			productRefGroup = 228B43862DD60098006C9EB1 /* Products */;
			projectDirPath = "";
			projectRoot = "";
			targets = (
				228B43842DD60098006C9EB1 /* SportsApp */,
				228B439D2DD6009B006C9EB1 /* SportsAppTests */,
				228B43A72DD6009B006C9EB1 /* SportsAppUITests */,
			);
		};
/* End PBXProject section */

/* Begin PBXResourcesBuildPhase section */
		228B43832DD60098006C9EB1 /* Resources */ = {
			isa = PBXResourcesBuildPhase;
			buildActionMask = 2147483647;
			files = (
				228124502DDB7FC6005A16CF /* .gitignore in Resources */,
				228B43952DD6009A006C9EB1 /* Assets.xcassets in Resources */,
				224972132DDB76D200003E83 /* SplashViewController.xib in Resources */,
				2281244D2DDB7FB3005A16CF /* Models in Resources */,
				2281F52E2DDA976A000BF19E /* LeaguesTable.xib in Resources */,
			);
			runOnlyForDeploymentPostprocessing = 0;
		};
		228B439C2DD6009B006C9EB1 /* Resources */ = {
			isa = PBXResourcesBuildPhase;
			buildActionMask = 2147483647;
			files = (
			);
			runOnlyForDeploymentPostprocessing = 0;
		};
		228B43A62DD6009B006C9EB1 /* Resources */ = {
			isa = PBXResourcesBuildPhase;
			buildActionMask = 2147483647;
			files = (
			);
			runOnlyForDeploymentPostprocessing = 0;
		};
/* End PBXResourcesBuildPhase section */

/* Begin PBXSourcesBuildPhase section */
		228B43812DD60098006C9EB1 /* Sources */ = {
			isa = PBXSourcesBuildPhase;
			buildActionMask = 2147483647;
			files = (
				228124472DDB7F99005A16CF /* NetworkService.swift in Sources */,
				228B438D2DD60098006C9EB1 /* ViewController.swift in Sources */,
				228124452DDB7F99005A16CF /* CricketFactory.swift in Sources */,
				2281F52C2DDA9473000BF19E /* LeaguesTable.swift in Sources */,
				228124462DDB7F99005A16CF /* TennisFactory.swift in Sources */,
				228B43892DD60098006C9EB1 /* AppDelegate.swift in Sources */,
				228124442DDB7F99005A16CF /* FootballFactory.swift in Sources */,
				2281244A2DDB7F99005A16CF /* SportFactory.swift in Sources */,
				228124482DDB7F99005A16CF /* SportsEnums.swift in Sources */,
				2281244E2DDB7FB3005A16CF /* Presenter.swift in Sources */,
				228B43932DD60098006C9EB1 /* SportsApp.xcdatamodeld in Sources */,
				228124492DDB7F99005A16CF /* BasketballFactory.swift in Sources */,
				2281F5272DDA9343000BF19E /* LeaguesTableViewController.swift in Sources */,
				224972122DDB76D200003E83 /* SplashViewController.swift in Sources */,
				228B438B2DD60098006C9EB1 /* SceneDelegate.swift in Sources */,
			);
			runOnlyForDeploymentPostprocessing = 0;
		};
		228B439A2DD6009B006C9EB1 /* Sources */ = {
			isa = PBXSourcesBuildPhase;
			buildActionMask = 2147483647;
			files = (
				228B43A32DD6009B006C9EB1 /* SportsAppTests.swift in Sources */,
			);
			runOnlyForDeploymentPostprocessing = 0;
		};
		228B43A42DD6009B006C9EB1 /* Sources */ = {
			isa = PBXSourcesBuildPhase;
			buildActionMask = 2147483647;
			files = (
				228B43AD2DD6009B006C9EB1 /* SportsAppUITests.swift in Sources */,
				228B43AF2DD6009B006C9EB1 /* SportsAppUITestsLaunchTests.swift in Sources */,
			);
			runOnlyForDeploymentPostprocessing = 0;
		};
/* End PBXSourcesBuildPhase section */

/* Begin PBXTargetDependency section */
		228B43A02DD6009B006C9EB1 /* PBXTargetDependency */ = {
			isa = PBXTargetDependency;
			target = 228B43842DD60098006C9EB1 /* SportsApp */;
			targetProxy = 228B439F2DD6009B006C9EB1 /* PBXContainerItemProxy */;
		};
		228B43AA2DD6009B006C9EB1 /* PBXTargetDependency */ = {
			isa = PBXTargetDependency;
			target = 228B43842DD60098006C9EB1 /* SportsApp */;
			targetProxy = 228B43A92DD6009B006C9EB1 /* PBXContainerItemProxy */;
		};
/* End PBXTargetDependency section */

/* Begin XCBuildConfiguration section */
		228B43B02DD6009B006C9EB1 /* Debug */ = {
			isa = XCBuildConfiguration;
			buildSettings = {
				ALWAYS_SEARCH_USER_PATHS = NO;
				ASSETCATALOG_COMPILER_GENERATE_SWIFT_ASSET_SYMBOL_EXTENSIONS = YES;
				CLANG_ANALYZER_NONNULL = YES;
				CLANG_ANALYZER_NUMBER_OBJECT_CONVERSION = YES_AGGRESSIVE;
				CLANG_CXX_LANGUAGE_STANDARD = "gnu++20";
				CLANG_ENABLE_MODULES = YES;
				CLANG_ENABLE_OBJC_ARC = YES;
				CLANG_ENABLE_OBJC_WEAK = YES;
				CLANG_WARN_BLOCK_CAPTURE_AUTORELEASING = YES;
				CLANG_WARN_BOOL_CONVERSION = YES;
				CLANG_WARN_COMMA = YES;
				CLANG_WARN_CONSTANT_CONVERSION = YES;
				CLANG_WARN_DEPRECATED_OBJC_IMPLEMENTATIONS = YES;
				CLANG_WARN_DIRECT_OBJC_ISA_USAGE = YES_ERROR;
				CLANG_WARN_DOCUMENTATION_COMMENTS = YES;
				CLANG_WARN_EMPTY_BODY = YES;
				CLANG_WARN_ENUM_CONVERSION = YES;
				CLANG_WARN_INFINITE_RECURSION = YES;
				CLANG_WARN_INT_CONVERSION = YES;
				CLANG_WARN_NON_LITERAL_NULL_CONVERSION = YES;
				CLANG_WARN_OBJC_IMPLICIT_RETAIN_SELF = YES;
				CLANG_WARN_OBJC_LITERAL_CONVERSION = YES;
				CLANG_WARN_OBJC_ROOT_CLASS = YES_ERROR;
				CLANG_WARN_QUOTED_INCLUDE_IN_FRAMEWORK_HEADER = YES;
				CLANG_WARN_RANGE_LOOP_ANALYSIS = YES;
				CLANG_WARN_STRICT_PROTOTYPES = YES;
				CLANG_WARN_SUSPICIOUS_MOVE = YES;
				CLANG_WARN_UNGUARDED_AVAILABILITY = YES_AGGRESSIVE;
				CLANG_WARN_UNREACHABLE_CODE = YES;
				CLANG_WARN__DUPLICATE_METHOD_MATCH = YES;
				COPY_PHASE_STRIP = NO;
				DEBUG_INFORMATION_FORMAT = dwarf;
				ENABLE_STRICT_OBJC_MSGSEND = YES;
				ENABLE_TESTABILITY = YES;
				ENABLE_USER_SCRIPT_SANDBOXING = YES;
				GCC_C_LANGUAGE_STANDARD = gnu17;
				GCC_DYNAMIC_NO_PIC = NO;
				GCC_NO_COMMON_BLOCKS = YES;
				GCC_OPTIMIZATION_LEVEL = 0;
				GCC_PREPROCESSOR_DEFINITIONS = (
					"DEBUG=1",
					"$(inherited)",
				);
				GCC_WARN_64_TO_32_BIT_CONVERSION = YES;
				GCC_WARN_ABOUT_RETURN_TYPE = YES_ERROR;
				GCC_WARN_UNDECLARED_SELECTOR = YES;
				GCC_WARN_UNINITIALIZED_AUTOS = YES_AGGRESSIVE;
				GCC_WARN_UNUSED_FUNCTION = YES;
				GCC_WARN_UNUSED_VARIABLE = YES;
				IPHONEOS_DEPLOYMENT_TARGET = 17.0;
				LOCALIZATION_PREFERS_STRING_CATALOGS = YES;
				MTL_ENABLE_DEBUG_INFO = INCLUDE_SOURCE;
				MTL_FAST_MATH = YES;
				ONLY_ACTIVE_ARCH = YES;
				SDKROOT = iphoneos;
				SWIFT_ACTIVE_COMPILATION_CONDITIONS = "DEBUG $(inherited)";
				SWIFT_OPTIMIZATION_LEVEL = "-Onone";
			};
			name = Debug;
		};
		228B43B12DD6009B006C9EB1 /* Release */ = {
			isa = XCBuildConfiguration;
			buildSettings = {
				ALWAYS_SEARCH_USER_PATHS = NO;
				ASSETCATALOG_COMPILER_GENERATE_SWIFT_ASSET_SYMBOL_EXTENSIONS = YES;
				CLANG_ANALYZER_NONNULL = YES;
				CLANG_ANALYZER_NUMBER_OBJECT_CONVERSION = YES_AGGRESSIVE;
				CLANG_CXX_LANGUAGE_STANDARD = "gnu++20";
				CLANG_ENABLE_MODULES = YES;
				CLANG_ENABLE_OBJC_ARC = YES;
				CLANG_ENABLE_OBJC_WEAK = YES;
				CLANG_WARN_BLOCK_CAPTURE_AUTORELEASING = YES;
				CLANG_WARN_BOOL_CONVERSION = YES;
				CLANG_WARN_COMMA = YES;
				CLANG_WARN_CONSTANT_CONVERSION = YES;
				CLANG_WARN_DEPRECATED_OBJC_IMPLEMENTATIONS = YES;
				CLANG_WARN_DIRECT_OBJC_ISA_USAGE = YES_ERROR;
				CLANG_WARN_DOCUMENTATION_COMMENTS = YES;
				CLANG_WARN_EMPTY_BODY = YES;
				CLANG_WARN_ENUM_CONVERSION = YES;
				CLANG_WARN_INFINITE_RECURSION = YES;
				CLANG_WARN_INT_CONVERSION = YES;
				CLANG_WARN_NON_LITERAL_NULL_CONVERSION = YES;
				CLANG_WARN_OBJC_IMPLICIT_RETAIN_SELF = YES;
				CLANG_WARN_OBJC_LITERAL_CONVERSION = YES;
				CLANG_WARN_OBJC_ROOT_CLASS = YES_ERROR;
				CLANG_WARN_QUOTED_INCLUDE_IN_FRAMEWORK_HEADER = YES;
				CLANG_WARN_RANGE_LOOP_ANALYSIS = YES;
				CLANG_WARN_STRICT_PROTOTYPES = YES;
				CLANG_WARN_SUSPICIOUS_MOVE = YES;
				CLANG_WARN_UNGUARDED_AVAILABILITY = YES_AGGRESSIVE;
				CLANG_WARN_UNREACHABLE_CODE = YES;
				CLANG_WARN__DUPLICATE_METHOD_MATCH = YES;
				COPY_PHASE_STRIP = NO;
				DEBUG_INFORMATION_FORMAT = "dwarf-with-dsym";
				ENABLE_NS_ASSERTIONS = NO;
				ENABLE_STRICT_OBJC_MSGSEND = YES;
				ENABLE_USER_SCRIPT_SANDBOXING = YES;
				GCC_C_LANGUAGE_STANDARD = gnu17;
				GCC_NO_COMMON_BLOCKS = YES;
				GCC_WARN_64_TO_32_BIT_CONVERSION = YES;
				GCC_WARN_ABOUT_RETURN_TYPE = YES_ERROR;
				GCC_WARN_UNDECLARED_SELECTOR = YES;
				GCC_WARN_UNINITIALIZED_AUTOS = YES_AGGRESSIVE;
				GCC_WARN_UNUSED_FUNCTION = YES;
				GCC_WARN_UNUSED_VARIABLE = YES;
				IPHONEOS_DEPLOYMENT_TARGET = 17.0;
				LOCALIZATION_PREFERS_STRING_CATALOGS = YES;
				MTL_ENABLE_DEBUG_INFO = NO;
				MTL_FAST_MATH = YES;
				SDKROOT = iphoneos;
				SWIFT_COMPILATION_MODE = wholemodule;
				VALIDATE_PRODUCT = YES;
			};
			name = Release;
		};
		228B43B32DD6009B006C9EB1 /* Debug */ = {
			isa = XCBuildConfiguration;
			buildSettings = {
				ASSETCATALOG_COMPILER_APPICON_NAME = AppIcon;
				ASSETCATALOG_COMPILER_GLOBAL_ACCENT_COLOR_NAME = AccentColor;
				CODE_SIGN_STYLE = Automatic;
				CURRENT_PROJECT_VERSION = 1;
				GENERATE_INFOPLIST_FILE = YES;
				INFOPLIST_FILE = SportsApp/Info.plist;
				INFOPLIST_KEY_UIApplicationSupportsIndirectInputEvents = YES;
				INFOPLIST_KEY_UILaunchStoryboardName = LaunchScreen;
				INFOPLIST_KEY_UIMainStoryboardFile = "";
				INFOPLIST_KEY_UIStatusBarStyle = "";
				INFOPLIST_KEY_UISupportedInterfaceOrientations_iPad = "UIInterfaceOrientationPortrait UIInterfaceOrientationPortraitUpsideDown UIInterfaceOrientationLandscapeLeft UIInterfaceOrientationLandscapeRight";
				INFOPLIST_KEY_UISupportedInterfaceOrientations_iPhone = "UIInterfaceOrientationPortrait UIInterfaceOrientationLandscapeLeft UIInterfaceOrientationLandscapeRight";
				IPHONEOS_DEPLOYMENT_TARGET = 15.0;
				LD_RUNPATH_SEARCH_PATHS = (
					"$(inherited)",
					"@executable_path/Frameworks",
				);
				MARKETING_VERSION = 1.0;
				PRODUCT_BUNDLE_IDENTIFIER = iti.SportsApp;
				PRODUCT_NAME = "$(TARGET_NAME)";
				SWIFT_EMIT_LOC_STRINGS = YES;
				SWIFT_VERSION = 5.0;
				TARGETED_DEVICE_FAMILY = "1,2";
			};
			name = Debug;
		};
		228B43B42DD6009B006C9EB1 /* Release */ = {
			isa = XCBuildConfiguration;
			buildSettings = {
				ASSETCATALOG_COMPILER_APPICON_NAME = AppIcon;
				ASSETCATALOG_COMPILER_GLOBAL_ACCENT_COLOR_NAME = AccentColor;
				CODE_SIGN_STYLE = Automatic;
				CURRENT_PROJECT_VERSION = 1;
				GENERATE_INFOPLIST_FILE = YES;
				INFOPLIST_FILE = SportsApp/Info.plist;
				INFOPLIST_KEY_UIApplicationSupportsIndirectInputEvents = YES;
				INFOPLIST_KEY_UILaunchStoryboardName = LaunchScreen;
				INFOPLIST_KEY_UIMainStoryboardFile = "";
				INFOPLIST_KEY_UIStatusBarStyle = "";
				INFOPLIST_KEY_UISupportedInterfaceOrientations_iPad = "UIInterfaceOrientationPortrait UIInterfaceOrientationPortraitUpsideDown UIInterfaceOrientationLandscapeLeft UIInterfaceOrientationLandscapeRight";
				INFOPLIST_KEY_UISupportedInterfaceOrientations_iPhone = "UIInterfaceOrientationPortrait UIInterfaceOrientationLandscapeLeft UIInterfaceOrientationLandscapeRight";
				IPHONEOS_DEPLOYMENT_TARGET = 15.0;
				LD_RUNPATH_SEARCH_PATHS = (
					"$(inherited)",
					"@executable_path/Frameworks",
				);
				MARKETING_VERSION = 1.0;
				PRODUCT_BUNDLE_IDENTIFIER = iti.SportsApp;
				PRODUCT_NAME = "$(TARGET_NAME)";
				SWIFT_EMIT_LOC_STRINGS = YES;
				SWIFT_VERSION = 5.0;
				TARGETED_DEVICE_FAMILY = "1,2";
			};
			name = Release;
		};
		228B43B62DD6009B006C9EB1 /* Debug */ = {
			isa = XCBuildConfiguration;
			buildSettings = {
				ALWAYS_EMBED_SWIFT_STANDARD_LIBRARIES = YES;
				BUNDLE_LOADER = "$(TEST_HOST)";
				CODE_SIGN_STYLE = Automatic;
				CURRENT_PROJECT_VERSION = 1;
				GENERATE_INFOPLIST_FILE = YES;
				IPHONEOS_DEPLOYMENT_TARGET = 17.0;
				MARKETING_VERSION = 1.0;
				PRODUCT_BUNDLE_IDENTIFIER = iti.SportsAppTests;
				PRODUCT_NAME = "$(TARGET_NAME)";
				SWIFT_EMIT_LOC_STRINGS = NO;
				SWIFT_VERSION = 5.0;
				TARGETED_DEVICE_FAMILY = "1,2";
				TEST_HOST = "$(BUILT_PRODUCTS_DIR)/SportsApp.app/$(BUNDLE_EXECUTABLE_FOLDER_PATH)/SportsApp";
			};
			name = Debug;
		};
		228B43B72DD6009B006C9EB1 /* Release */ = {
			isa = XCBuildConfiguration;
			buildSettings = {
				ALWAYS_EMBED_SWIFT_STANDARD_LIBRARIES = YES;
				BUNDLE_LOADER = "$(TEST_HOST)";
				CODE_SIGN_STYLE = Automatic;
				CURRENT_PROJECT_VERSION = 1;
				GENERATE_INFOPLIST_FILE = YES;
				IPHONEOS_DEPLOYMENT_TARGET = 17.0;
				MARKETING_VERSION = 1.0;
				PRODUCT_BUNDLE_IDENTIFIER = iti.SportsAppTests;
				PRODUCT_NAME = "$(TARGET_NAME)";
				SWIFT_EMIT_LOC_STRINGS = NO;
				SWIFT_VERSION = 5.0;
				TARGETED_DEVICE_FAMILY = "1,2";
				TEST_HOST = "$(BUILT_PRODUCTS_DIR)/SportsApp.app/$(BUNDLE_EXECUTABLE_FOLDER_PATH)/SportsApp";
			};
			name = Release;
		};
		228B43B92DD6009B006C9EB1 /* Debug */ = {
			isa = XCBuildConfiguration;
			buildSettings = {
				ALWAYS_EMBED_SWIFT_STANDARD_LIBRARIES = YES;
				CODE_SIGN_STYLE = Automatic;
				CURRENT_PROJECT_VERSION = 1;
				GENERATE_INFOPLIST_FILE = YES;
				MARKETING_VERSION = 1.0;
				PRODUCT_BUNDLE_IDENTIFIER = iti.SportsAppUITests;
				PRODUCT_NAME = "$(TARGET_NAME)";
				SWIFT_EMIT_LOC_STRINGS = NO;
				SWIFT_VERSION = 5.0;
				TARGETED_DEVICE_FAMILY = "1,2";
				TEST_TARGET_NAME = SportsApp;
			};
			name = Debug;
		};
		228B43BA2DD6009B006C9EB1 /* Release */ = {
			isa = XCBuildConfiguration;
			buildSettings = {
				ALWAYS_EMBED_SWIFT_STANDARD_LIBRARIES = YES;
				CODE_SIGN_STYLE = Automatic;
				CURRENT_PROJECT_VERSION = 1;
				GENERATE_INFOPLIST_FILE = YES;
				MARKETING_VERSION = 1.0;
				PRODUCT_BUNDLE_IDENTIFIER = iti.SportsAppUITests;
				PRODUCT_NAME = "$(TARGET_NAME)";
				SWIFT_EMIT_LOC_STRINGS = NO;
				SWIFT_VERSION = 5.0;
				TARGETED_DEVICE_FAMILY = "1,2";
				TEST_TARGET_NAME = SportsApp;
			};
			name = Release;
		};
/* End XCBuildConfiguration section */

/* Begin XCConfigurationList section */
		228B43802DD60098006C9EB1 /* Build configuration list for PBXProject "SportsApp" */ = {
			isa = XCConfigurationList;
			buildConfigurations = (
				228B43B02DD6009B006C9EB1 /* Debug */,
				228B43B12DD6009B006C9EB1 /* Release */,
			);
			defaultConfigurationIsVisible = 0;
			defaultConfigurationName = Release;
		};
		228B43B22DD6009B006C9EB1 /* Build configuration list for PBXNativeTarget "SportsApp" */ = {
			isa = XCConfigurationList;
			buildConfigurations = (
				228B43B32DD6009B006C9EB1 /* Debug */,
				228B43B42DD6009B006C9EB1 /* Release */,
			);
			defaultConfigurationIsVisible = 0;
			defaultConfigurationName = Release;
		};
		228B43B52DD6009B006C9EB1 /* Build configuration list for PBXNativeTarget "SportsAppTests" */ = {
			isa = XCConfigurationList;
			buildConfigurations = (
				228B43B62DD6009B006C9EB1 /* Debug */,
				228B43B72DD6009B006C9EB1 /* Release */,
			);
			defaultConfigurationIsVisible = 0;
			defaultConfigurationName = Release;
		};
		228B43B82DD6009B006C9EB1 /* Build configuration list for PBXNativeTarget "SportsAppUITests" */ = {
			isa = XCConfigurationList;
			buildConfigurations = (
				228B43B92DD6009B006C9EB1 /* Debug */,
				228B43BA2DD6009B006C9EB1 /* Release */,
			);
			defaultConfigurationIsVisible = 0;
			defaultConfigurationName = Release;
		};
/* End XCConfigurationList section */

/* Begin XCVersionGroup section */
		228B43912DD60098006C9EB1 /* SportsApp.xcdatamodeld */ = {
			isa = XCVersionGroup;
			children = (
				228B43922DD60098006C9EB1 /* SportsApp.xcdatamodel */,
			);
			currentVersion = 228B43922DD60098006C9EB1 /* SportsApp.xcdatamodel */;
			path = SportsApp.xcdatamodeld;
			sourceTree = "<group>";
			versionGroupType = wrapper.xcdatamodel;
		};
/* End XCVersionGroup section */
	};
	rootObject = 228B437D2DD60098006C9EB1 /* Project object */;
}
